// !$*UTF8*$!
{
	archiveVersion = 1;
	classes = {
	};
	objectVersion = 50;
	objects = {

/* Begin PBXBuildFile section */
		0530C41F20E10FEA00F5B259 /* ArrayIsEmpty.swift in Sources */ = {isa = PBXBuildFile; fileRef = 0530C41E20E10FEA00F5B259 /* ArrayIsEmpty.swift */; };
		0530C42120E1112C00F5B259 /* ArrayIsNotEmpty.swift in Sources */ = {isa = PBXBuildFile; fileRef = 0530C42020E1112C00F5B259 /* ArrayIsNotEmpty.swift */; };
		0530C42320E1213500F5B259 /* NSView.swift in Sources */ = {isa = PBXBuildFile; fileRef = 0530C42220E1213500F5B259 /* NSView.swift */; };
		0530C42720E1305B00F5B259 /* Exception.m in Sources */ = {isa = PBXBuildFile; fileRef = 0530C42620E1305B00F5B259 /* Exception.m */; };
		0543AE7920DC33DF00284E99 /* ApplicationDelegate.swift in Sources */ = {isa = PBXBuildFile; fileRef = 0543AE7420DC33DF00284E99 /* ApplicationDelegate.swift */; };
		0543AE7B20DC33DF00284E99 /* MainMenu.xib in Resources */ = {isa = PBXBuildFile; fileRef = 0543AE7720DC33DF00284E99 /* MainMenu.xib */; };
		0543AE7D20DC345200284E99 /* MainWindowController.swift in Sources */ = {isa = PBXBuildFile; fileRef = 0543AE7C20DC345200284E99 /* MainWindowController.swift */; };
		0543AE8020DC35CC00284E99 /* ColorSet.MainWindowController.xib in Resources */ = {isa = PBXBuildFile; fileRef = 0543AE7E20DC35CC00284E99 /* ColorSet.MainWindowController.xib */; };
		0543AE8220DC382A00284E99 /* ColorItem.swift in Sources */ = {isa = PBXBuildFile; fileRef = 0543AE8120DC382A00284E99 /* ColorItem.swift */; };
		0543AE9E20E0FFD000284E99 /* ColorView.swift in Sources */ = {isa = PBXBuildFile; fileRef = 0543AE9D20E0FFD000284E99 /* ColorView.swift */; };
		0544CBF22273197D004A2499 /* NSColor+ColorSetKit.swift in Sources */ = {isa = PBXBuildFile; fileRef = 0544CBF12273197D004A2499 /* NSColor+ColorSetKit.swift */; };
		0544CBF422731990004A2499 /* ColorPair.swift in Sources */ = {isa = PBXBuildFile; fileRef = 0544CBF322731990004A2499 /* ColorPair.swift */; };
		0544CBF62273199C004A2499 /* ColorSet.swift in Sources */ = {isa = PBXBuildFile; fileRef = 0544CBF52273199C004A2499 /* ColorSet.swift */; };
		0544CC0D2273466C004A2499 /* ColorSetStream.swift in Sources */ = {isa = PBXBuildFile; fileRef = 0544CC0C2273466C004A2499 /* ColorSetStream.swift */; };
		0556FA67234275CF00EB91DB /* PaletteViewController.swift in Sources */ = {isa = PBXBuildFile; fileRef = 0556FA66234275CF00EB91DB /* PaletteViewController.swift */; };
		0556FA6A2342761000EB91DB /* ColorSet.PaletteViewController.xib in Resources */ = {isa = PBXBuildFile; fileRef = 0556FA682342761000EB91DB /* ColorSet.PaletteViewController.xib */; };
		0556FA6E2342796C00EB91DB /* PaletteColorItem.swift in Sources */ = {isa = PBXBuildFile; fileRef = 0556FA6B2342796C00EB91DB /* PaletteColorItem.swift */; };
		0556FA6F2342796C00EB91DB /* DrawingView.swift in Sources */ = {isa = PBXBuildFile; fileRef = 0556FA6C2342796C00EB91DB /* DrawingView.swift */; };
		0556FA702342796C00EB91DB /* PaletteColorInfo.swift in Sources */ = {isa = PBXBuildFile; fileRef = 0556FA6D2342796C00EB91DB /* PaletteColorInfo.swift */; };
		0556FA7323427DE500EB91DB /* PaletteColorItem.xib in Resources */ = {isa = PBXBuildFile; fileRef = 0556FA7123427DE500EB91DB /* PaletteColorItem.xib */; };
		0564590220E4DDFD001EA86F /* HexColor.swift in Sources */ = {isa = PBXBuildFile; fileRef = 0564590120E4DDFD001EA86F /* HexColor.swift */; };
		057DC44E22B1492200BA6727 /* Test.swift in Sources */ = {isa = PBXBuildFile; fileRef = 057DC44D22B1492200BA6727 /* Test.swift */; };
		057DC45022B1492200BA6727 /* ColorSetKit.framework in Frameworks */ = {isa = PBXBuildFile; fileRef = 05CD4ABA20ED7CD100DBDE99 /* ColorSetKit.framework */; };
		057DC45822B14CC300BA6727 /* Colors.colorset in Resources */ = {isa = PBXBuildFile; fileRef = 057DC45722B14CC300BA6727 /* Colors.colorset */; };
		059F8C79233CDB3300C9B83F /* HColorComponent.swift in Sources */ = {isa = PBXBuildFile; fileRef = 059F8C77233CDB3300C9B83F /* HColorComponent.swift */; };
		059F8C7A233CDB3300C9B83F /* SLColorComponent.swift in Sources */ = {isa = PBXBuildFile; fileRef = 059F8C78233CDB3300C9B83F /* SLColorComponent.swift */; };
		05A6D891233F80430079AF3B /* LightnessPairWindowController.swift in Sources */ = {isa = PBXBuildFile; fileRef = 05A6D890233F80430079AF3B /* LightnessPairWindowController.swift */; };
		05A6D895233F805C0079AF3B /* ColorSet.LightnessPairWindowController.xib in Resources */ = {isa = PBXBuildFile; fileRef = 05A6D893233F805C0079AF3B /* ColorSet.LightnessPairWindowController.xib */; };
		05A6D897233F8A300079AF3B /* LightnessString.swift in Sources */ = {isa = PBXBuildFile; fileRef = 05A6D896233F8A300079AF3B /* LightnessString.swift */; };
		05A6D899233F8E6C0079AF3B /* LightnessPairItem.swift in Sources */ = {isa = PBXBuildFile; fileRef = 05A6D898233F8E6C0079AF3B /* LightnessPairItem.swift */; };
		05A6D8C22340EA740079AF3B /* LightnessPairCollectionViewItem.swift in Sources */ = {isa = PBXBuildFile; fileRef = 05A6D8C12340EA740079AF3B /* LightnessPairCollectionViewItem.swift */; };
		05A6D8C52340EA880079AF3B /* ColorSet.LightnessPairCollectionViewItem.xib in Resources */ = {isa = PBXBuildFile; fileRef = 05A6D8C32340EA880079AF3B /* ColorSet.LightnessPairCollectionViewItem.xib */; };
		05A6D8C7234107A40079AF3B /* LightnessVariant.swift in Sources */ = {isa = PBXBuildFile; fileRef = 05A6D8C6234107A40079AF3B /* LightnessVariant.swift */; };
		05A6D8C9234107B30079AF3B /* LightnessPair.swift in Sources */ = {isa = PBXBuildFile; fileRef = 05A6D8C8234107B30079AF3B /* LightnessPair.swift */; };
		05CD4AC120ED7CD100DBDE99 /* ColorSetKit.framework in Frameworks */ = {isa = PBXBuildFile; fileRef = 05CD4ABA20ED7CD100DBDE99 /* ColorSetKit.framework */; };
		05CD4AC220ED7CD100DBDE99 /* ColorSetKit.framework in CopyFiles */ = {isa = PBXBuildFile; fileRef = 05CD4ABA20ED7CD100DBDE99 /* ColorSetKit.framework */; settings = {ATTRIBUTES = (CodeSignOnCopy, RemoveHeadersOnCopy, ); }; };
		05D11EC120E1359C00A621B5 /* RGBColorComponent.swift in Sources */ = {isa = PBXBuildFile; fileRef = 05D11EC020E1359C00A621B5 /* RGBColorComponent.swift */; };
		05D11EC720E13B9400A621B5 /* Icon.icns in Resources */ = {isa = PBXBuildFile; fileRef = 05D11EC620E13B9400A621B5 /* Icon.icns */; };
		05D11ECA20E13DFF00A621B5 /* ColorSet.AboutWindowController.xib in Resources */ = {isa = PBXBuildFile; fileRef = 05D11EC820E13DFF00A621B5 /* ColorSet.AboutWindowController.xib */; };
		05D11ECC20E13E0900A621B5 /* AboutWindowController.swift in Sources */ = {isa = PBXBuildFile; fileRef = 05D11ECB20E13E0800A621B5 /* AboutWindowController.swift */; };
		05D11ECE20E165FB00A621B5 /* File.icns in Resources */ = {isa = PBXBuildFile; fileRef = 05D11ECD20E165FB00A621B5 /* File.icns */; };
		05DB415323846DCB0026C565 /* DictionaryRepresentable.swift in Sources */ = {isa = PBXBuildFile; fileRef = 05DB415223846DCB0026C565 /* DictionaryRepresentable.swift */; };
		05DB415723847CE80026C565 /* SaveAsOptionsViewController.swift in Sources */ = {isa = PBXBuildFile; fileRef = 05DB415623847CE80026C565 /* SaveAsOptionsViewController.swift */; };
		05DB415A23847CF80026C565 /* ColorSet.SaveAsOptionsViewController.xib in Resources */ = {isa = PBXBuildFile; fileRef = 05DB415823847CF80026C565 /* ColorSet.SaveAsOptionsViewController.xib */; };
		05DB415C23854B2B0026C565 /* Colors-XML.colorset in Resources */ = {isa = PBXBuildFile; fileRef = 05DB415B23854B2B0026C565 /* Colors-XML.colorset */; };
/* End PBXBuildFile section */

/* Begin PBXContainerItemProxy section */
		057DC45122B1492200BA6727 /* PBXContainerItemProxy */ = {
			isa = PBXContainerItemProxy;
			containerPortal = 0543AE5A20DC33BC00284E99 /* Project object */;
			proxyType = 1;
			remoteGlobalIDString = 05CD4AB920ED7CD100DBDE99;
			remoteInfo = ColorSetKit;
		};
		05CD4ABF20ED7CD100DBDE99 /* PBXContainerItemProxy */ = {
			isa = PBXContainerItemProxy;
			containerPortal = 0543AE5A20DC33BC00284E99 /* Project object */;
			proxyType = 1;
			remoteGlobalIDString = 05CD4AB920ED7CD100DBDE99;
			remoteInfo = ColorSetKit;
		};
/* End PBXContainerItemProxy section */

/* Begin PBXCopyFilesBuildPhase section */
		0509121620E55A8A009EF90C /* CopyFiles */ = {
			isa = PBXCopyFilesBuildPhase;
			buildActionMask = 2147483647;
			dstPath = "";
			dstSubfolderSpec = 10;
			files = (
				05CD4AC220ED7CD100DBDE99 /* ColorSetKit.framework in CopyFiles */,
			);
			runOnlyForDeploymentPostprocessing = 0;
		};
/* End PBXCopyFilesBuildPhase section */

/* Begin PBXFileReference section */
		050911D820E559CF009EF90C /* Release - ccache.xcconfig */ = {isa = PBXFileReference; lastKnownFileType = text.xcconfig; path = "Release - ccache.xcconfig"; sourceTree = "<group>"; };
		050911D920E559CF009EF90C /* Common.xcconfig */ = {isa = PBXFileReference; lastKnownFileType = text.xcconfig; path = Common.xcconfig; sourceTree = "<group>"; };
		050911DA20E559CF009EF90C /* Debug - ccache.xcconfig */ = {isa = PBXFileReference; lastKnownFileType = text.xcconfig; path = "Debug - ccache.xcconfig"; sourceTree = "<group>"; };
		050911DB20E559CF009EF90C /* Debug.xcconfig */ = {isa = PBXFileReference; lastKnownFileType = text.xcconfig; path = Debug.xcconfig; sourceTree = "<group>"; };
		050911DC20E559CF009EF90C /* Release.xcconfig */ = {isa = PBXFileReference; lastKnownFileType = text.xcconfig; path = Release.xcconfig; sourceTree = "<group>"; };
		050911DD20E559CF009EF90C /* README.md */ = {isa = PBXFileReference; lastKnownFileType = net.daringfireball.markdown; path = README.md; sourceTree = "<group>"; };
		050911DF20E559CF009EF90C /* Signing.xcconfig */ = {isa = PBXFileReference; lastKnownFileType = text.xcconfig; path = Signing.xcconfig; sourceTree = "<group>"; };
		050911E020E559CF009EF90C /* Architectures.xcconfig */ = {isa = PBXFileReference; lastKnownFileType = text.xcconfig; path = Architectures.xcconfig; sourceTree = "<group>"; };
		050911E220E559CF009EF90C /* Issues.xcconfig */ = {isa = PBXFileReference; lastKnownFileType = text.xcconfig; path = Issues.xcconfig; sourceTree = "<group>"; };
		050911E420E559CF009EF90C /* Apple-APIs.xcconfig */ = {isa = PBXFileReference; lastKnownFileType = text.xcconfig; path = "Apple-APIs.xcconfig"; sourceTree = "<group>"; };
		050911E520E559CF009EF90C /* Generic-Issues.xcconfig */ = {isa = PBXFileReference; lastKnownFileType = text.xcconfig; path = "Generic-Issues.xcconfig"; sourceTree = "<group>"; };
		050911E620E559CF009EF90C /* Security.xcconfig */ = {isa = PBXFileReference; lastKnownFileType = text.xcconfig; path = Security.xcconfig; sourceTree = "<group>"; };
		050911E720E559CF009EF90C /* Objective-C.xcconfig */ = {isa = PBXFileReference; lastKnownFileType = text.xcconfig; path = "Objective-C.xcconfig"; sourceTree = "<group>"; };
		050911E820E559CF009EF90C /* Analysis-Policy.xcconfig */ = {isa = PBXFileReference; lastKnownFileType = text.xcconfig; path = "Analysis-Policy.xcconfig"; sourceTree = "<group>"; };
		050911E920E559CF009EF90C /* Deployment.xcconfig */ = {isa = PBXFileReference; lastKnownFileType = text.xcconfig; path = Deployment.xcconfig; sourceTree = "<group>"; };
		050911EA20E559CF009EF90C /* Build-Options.xcconfig */ = {isa = PBXFileReference; lastKnownFileType = text.xcconfig; path = "Build-Options.xcconfig"; sourceTree = "<group>"; };
		050911EB20E559CF009EF90C /* Swift-Compiler.xcconfig */ = {isa = PBXFileReference; lastKnownFileType = text.xcconfig; path = "Swift-Compiler.xcconfig"; sourceTree = "<group>"; };
		050911EC20E559CF009EF90C /* Static-Analyzer.xcconfig */ = {isa = PBXFileReference; lastKnownFileType = text.xcconfig; path = "Static-Analyzer.xcconfig"; sourceTree = "<group>"; };
		050911EE20E559CF009EF90C /* Warnings-Policies.xcconfig */ = {isa = PBXFileReference; lastKnownFileType = text.xcconfig; path = "Warnings-Policies.xcconfig"; sourceTree = "<group>"; };
		050911EF20E559CF009EF90C /* Code-Generation.xcconfig */ = {isa = PBXFileReference; lastKnownFileType = text.xcconfig; path = "Code-Generation.xcconfig"; sourceTree = "<group>"; };
		050911F020E559CF009EF90C /* Language.xcconfig */ = {isa = PBXFileReference; lastKnownFileType = text.xcconfig; path = Language.xcconfig; sourceTree = "<group>"; };
		050911F120E559CF009EF90C /* General.xcconfig */ = {isa = PBXFileReference; lastKnownFileType = text.xcconfig; path = General.xcconfig; sourceTree = "<group>"; };
		050911F220E559CF009EF90C /* Search-Paths.xcconfig */ = {isa = PBXFileReference; lastKnownFileType = text.xcconfig; path = "Search-Paths.xcconfig"; sourceTree = "<group>"; };
		050911F320E559CF009EF90C /* Apple-LLVM.xcconfig */ = {isa = PBXFileReference; lastKnownFileType = text.xcconfig; path = "Apple-LLVM.xcconfig"; sourceTree = "<group>"; };
		050911F620E559CF009EF90C /* Modules.xcconfig */ = {isa = PBXFileReference; lastKnownFileType = text.xcconfig; path = Modules.xcconfig; sourceTree = "<group>"; };
		050911F720E559CF009EF90C /* Objective-C.xcconfig */ = {isa = PBXFileReference; lastKnownFileType = text.xcconfig; path = "Objective-C.xcconfig"; sourceTree = "<group>"; };
		050911F820E559CF009EF90C /* C++.xcconfig */ = {isa = PBXFileReference; lastKnownFileType = text.xcconfig; path = "C++.xcconfig"; sourceTree = "<group>"; };
		050911F920E559CF009EF90C /* Code-Generation.xcconfig */ = {isa = PBXFileReference; lastKnownFileType = text.xcconfig; path = "Code-Generation.xcconfig"; sourceTree = "<group>"; };
		050911FA20E559CF009EF90C /* Address-Sanitizer.xcconfig */ = {isa = PBXFileReference; lastKnownFileType = text.xcconfig; path = "Address-Sanitizer.xcconfig"; sourceTree = "<group>"; };
		050911FB20E559CF009EF90C /* Language.xcconfig */ = {isa = PBXFileReference; lastKnownFileType = text.xcconfig; path = Language.xcconfig; sourceTree = "<group>"; };
		050911FC20E559CF009EF90C /* Warnings.xcconfig */ = {isa = PBXFileReference; lastKnownFileType = text.xcconfig; path = Warnings.xcconfig; sourceTree = "<group>"; };
		050911FD20E559CF009EF90C /* Undefined-Behavior-Sanitizer.xcconfig */ = {isa = PBXFileReference; lastKnownFileType = text.xcconfig; path = "Undefined-Behavior-Sanitizer.xcconfig"; sourceTree = "<group>"; };
		050911FE20E559CF009EF90C /* Warning-Policies.xcconfig */ = {isa = PBXFileReference; lastKnownFileType = text.xcconfig; path = "Warning-Policies.xcconfig"; sourceTree = "<group>"; };
		0509120020E559CF009EF90C /* Objective-C-ARC.xcconfig */ = {isa = PBXFileReference; lastKnownFileType = text.xcconfig; path = "Objective-C-ARC.xcconfig"; sourceTree = "<group>"; };
		0509120120E559CF009EF90C /* Objective-C.xcconfig */ = {isa = PBXFileReference; lastKnownFileType = text.xcconfig; path = "Objective-C.xcconfig"; sourceTree = "<group>"; };
		0509120220E559CF009EF90C /* C++.xcconfig */ = {isa = PBXFileReference; lastKnownFileType = text.xcconfig; path = "C++.xcconfig"; sourceTree = "<group>"; };
		0509120320E559CF009EF90C /* All-Languages.xcconfig */ = {isa = PBXFileReference; lastKnownFileType = text.xcconfig; path = "All-Languages.xcconfig"; sourceTree = "<group>"; };
		0509120420E559CF009EF90C /* Preprocessing.xcconfig */ = {isa = PBXFileReference; lastKnownFileType = text.xcconfig; path = Preprocessing.xcconfig; sourceTree = "<group>"; };
		0509120520E559CF009EF90C /* .gitignore */ = {isa = PBXFileReference; lastKnownFileType = text; path = .gitignore; sourceTree = "<group>"; };
		0509120720E559CF009EF90C /* ccache-config.sh */ = {isa = PBXFileReference; lastKnownFileType = text.script.sh; path = "ccache-config.sh"; sourceTree = "<group>"; };
		0509120820E559CF009EF90C /* ccache.sh */ = {isa = PBXFileReference; lastKnownFileType = text.script.sh; path = ccache.sh; sourceTree = "<group>"; };
		0530C41E20E10FEA00F5B259 /* ArrayIsEmpty.swift */ = {isa = PBXFileReference; lastKnownFileType = sourcecode.swift; path = ArrayIsEmpty.swift; sourceTree = "<group>"; };
		0530C42020E1112C00F5B259 /* ArrayIsNotEmpty.swift */ = {isa = PBXFileReference; lastKnownFileType = sourcecode.swift; path = ArrayIsNotEmpty.swift; sourceTree = "<group>"; };
		0530C42220E1213500F5B259 /* NSView.swift */ = {isa = PBXFileReference; lastKnownFileType = sourcecode.swift; path = NSView.swift; sourceTree = "<group>"; };
		0530C42420E1305B00F5B259 /* ColorSet-Bridging-Header.h */ = {isa = PBXFileReference; lastKnownFileType = sourcecode.c.h; path = "ColorSet-Bridging-Header.h"; sourceTree = "<group>"; };
		0530C42520E1305B00F5B259 /* Exception.h */ = {isa = PBXFileReference; lastKnownFileType = sourcecode.c.h; path = Exception.h; sourceTree = "<group>"; };
		0530C42620E1305B00F5B259 /* Exception.m */ = {isa = PBXFileReference; lastKnownFileType = sourcecode.c.objc; path = Exception.m; sourceTree = "<group>"; };
		0543AE6220DC33BC00284E99 /* ColorSet.app */ = {isa = PBXFileReference; explicitFileType = wrapper.application; includeInIndex = 0; path = ColorSet.app; sourceTree = BUILT_PRODUCTS_DIR; };
		0543AE6C20DC33BD00284E99 /* Info.plist */ = {isa = PBXFileReference; lastKnownFileType = text.plist.xml; path = Info.plist; sourceTree = "<group>"; };
		0543AE6D20DC33BD00284E99 /* ColorSet.entitlements */ = {isa = PBXFileReference; lastKnownFileType = text.plist.entitlements; path = ColorSet.entitlements; sourceTree = "<group>"; };
		0543AE7420DC33DF00284E99 /* ApplicationDelegate.swift */ = {isa = PBXFileReference; fileEncoding = 4; lastKnownFileType = sourcecode.swift; path = ApplicationDelegate.swift; sourceTree = "<group>"; };
		0543AE7820DC33DF00284E99 /* Base */ = {isa = PBXFileReference; lastKnownFileType = file.xib; name = Base; path = Base.lproj/MainMenu.xib; sourceTree = "<group>"; };
		0543AE7C20DC345200284E99 /* MainWindowController.swift */ = {isa = PBXFileReference; lastKnownFileType = sourcecode.swift; path = MainWindowController.swift; sourceTree = "<group>"; };
		0543AE7F20DC35CC00284E99 /* Base */ = {isa = PBXFileReference; lastKnownFileType = file.xib; name = Base; path = Base.lproj/ColorSet.MainWindowController.xib; sourceTree = "<group>"; };
		0543AE8120DC382A00284E99 /* ColorItem.swift */ = {isa = PBXFileReference; lastKnownFileType = sourcecode.swift; path = ColorItem.swift; sourceTree = "<group>"; };
		0543AE9D20E0FFD000284E99 /* ColorView.swift */ = {isa = PBXFileReference; lastKnownFileType = sourcecode.swift; path = ColorView.swift; sourceTree = "<group>"; };
		0544CBF12273197D004A2499 /* NSColor+ColorSetKit.swift */ = {isa = PBXFileReference; lastKnownFileType = sourcecode.swift; path = "NSColor+ColorSetKit.swift"; sourceTree = "<group>"; };
		0544CBF322731990004A2499 /* ColorPair.swift */ = {isa = PBXFileReference; lastKnownFileType = sourcecode.swift; path = ColorPair.swift; sourceTree = "<group>"; };
		0544CBF52273199C004A2499 /* ColorSet.swift */ = {isa = PBXFileReference; lastKnownFileType = sourcecode.swift; path = ColorSet.swift; sourceTree = "<group>"; };
		0544CC0C2273466C004A2499 /* ColorSetStream.swift */ = {isa = PBXFileReference; fileEncoding = 4; lastKnownFileType = sourcecode.swift; path = ColorSetStream.swift; sourceTree = "<group>"; };
		0556FA2E2342101900EB91DB /* ColorSet copy-Info.plist */ = {isa = PBXFileReference; lastKnownFileType = text.plist.xml; name = "ColorSet copy-Info.plist"; path = "/Users/macmade/Documents/Macmade/DigiDNA/GitHub/ColorSet/ColorSet copy-Info.plist"; sourceTree = "<absolute>"; };
		0556FA66234275CF00EB91DB /* PaletteViewController.swift */ = {isa = PBXFileReference; lastKnownFileType = sourcecode.swift; path = PaletteViewController.swift; sourceTree = "<group>"; };
		0556FA692342761000EB91DB /* Base */ = {isa = PBXFileReference; lastKnownFileType = file.xib; name = Base; path = Base.lproj/ColorSet.PaletteViewController.xib; sourceTree = "<group>"; };
		0556FA6B2342796C00EB91DB /* PaletteColorItem.swift */ = {isa = PBXFileReference; fileEncoding = 4; lastKnownFileType = sourcecode.swift; path = PaletteColorItem.swift; sourceTree = "<group>"; };
		0556FA6C2342796C00EB91DB /* DrawingView.swift */ = {isa = PBXFileReference; fileEncoding = 4; lastKnownFileType = sourcecode.swift; path = DrawingView.swift; sourceTree = "<group>"; };
		0556FA6D2342796C00EB91DB /* PaletteColorInfo.swift */ = {isa = PBXFileReference; fileEncoding = 4; lastKnownFileType = sourcecode.swift; path = PaletteColorInfo.swift; sourceTree = "<group>"; };
		0556FA7223427DE500EB91DB /* Base */ = {isa = PBXFileReference; lastKnownFileType = file.xib; name = Base; path = Base.lproj/PaletteColorItem.xib; sourceTree = "<group>"; };
		0564590120E4DDFD001EA86F /* HexColor.swift */ = {isa = PBXFileReference; lastKnownFileType = sourcecode.swift; path = HexColor.swift; sourceTree = "<group>"; };
		057DC44B22B1492200BA6727 /* ColorSetKit-Test.xctest */ = {isa = PBXFileReference; explicitFileType = wrapper.cfbundle; includeInIndex = 0; path = "ColorSetKit-Test.xctest"; sourceTree = BUILT_PRODUCTS_DIR; };
		057DC44D22B1492200BA6727 /* Test.swift */ = {isa = PBXFileReference; lastKnownFileType = sourcecode.swift; path = Test.swift; sourceTree = "<group>"; };
		057DC44F22B1492200BA6727 /* Info.plist */ = {isa = PBXFileReference; lastKnownFileType = text.plist.xml; path = Info.plist; sourceTree = "<group>"; };
		057DC45722B14CC300BA6727 /* Colors.colorset */ = {isa = PBXFileReference; lastKnownFileType = file; path = Colors.colorset; sourceTree = "<group>"; };
		059F8C77233CDB3300C9B83F /* HColorComponent.swift */ = {isa = PBXFileReference; fileEncoding = 4; lastKnownFileType = sourcecode.swift; path = HColorComponent.swift; sourceTree = "<group>"; };
		059F8C78233CDB3300C9B83F /* SLColorComponent.swift */ = {isa = PBXFileReference; fileEncoding = 4; lastKnownFileType = sourcecode.swift; path = SLColorComponent.swift; sourceTree = "<group>"; };
		05A6D890233F80430079AF3B /* LightnessPairWindowController.swift */ = {isa = PBXFileReference; lastKnownFileType = sourcecode.swift; path = LightnessPairWindowController.swift; sourceTree = "<group>"; };
		05A6D894233F805C0079AF3B /* Base */ = {isa = PBXFileReference; lastKnownFileType = file.xib; name = Base; path = Base.lproj/ColorSet.LightnessPairWindowController.xib; sourceTree = "<group>"; };
		05A6D896233F8A300079AF3B /* LightnessString.swift */ = {isa = PBXFileReference; lastKnownFileType = sourcecode.swift; path = LightnessString.swift; sourceTree = "<group>"; };
		05A6D898233F8E6C0079AF3B /* LightnessPairItem.swift */ = {isa = PBXFileReference; lastKnownFileType = sourcecode.swift; path = LightnessPairItem.swift; sourceTree = "<group>"; };
		05A6D8C12340EA740079AF3B /* LightnessPairCollectionViewItem.swift */ = {isa = PBXFileReference; lastKnownFileType = sourcecode.swift; path = LightnessPairCollectionViewItem.swift; sourceTree = "<group>"; };
		05A6D8C42340EA880079AF3B /* Base */ = {isa = PBXFileReference; lastKnownFileType = file.xib; name = Base; path = Base.lproj/ColorSet.LightnessPairCollectionViewItem.xib; sourceTree = "<group>"; };
		05A6D8C6234107A40079AF3B /* LightnessVariant.swift */ = {isa = PBXFileReference; lastKnownFileType = sourcecode.swift; path = LightnessVariant.swift; sourceTree = "<group>"; };
		05A6D8C8234107B30079AF3B /* LightnessPair.swift */ = {isa = PBXFileReference; lastKnownFileType = sourcecode.swift; path = LightnessPair.swift; sourceTree = "<group>"; };
		05CD4AB220ED7B2200DBDE99 /* README.md */ = {isa = PBXFileReference; fileEncoding = 4; lastKnownFileType = net.daringfireball.markdown; path = README.md; sourceTree = "<group>"; };
		05CD4ABA20ED7CD100DBDE99 /* ColorSetKit.framework */ = {isa = PBXFileReference; explicitFileType = wrapper.framework; includeInIndex = 0; path = ColorSetKit.framework; sourceTree = BUILT_PRODUCTS_DIR; };
		05CD4AC620ED7CE000DBDE99 /* Info.plist */ = {isa = PBXFileReference; fileEncoding = 4; lastKnownFileType = text.plist.xml; path = Info.plist; sourceTree = "<group>"; };
		05D11EC020E1359C00A621B5 /* RGBColorComponent.swift */ = {isa = PBXFileReference; lastKnownFileType = sourcecode.swift; path = RGBColorComponent.swift; sourceTree = "<group>"; };
		05D11EC620E13B9400A621B5 /* Icon.icns */ = {isa = PBXFileReference; lastKnownFileType = image.icns; path = Icon.icns; sourceTree = "<group>"; };
		05D11EC920E13DFF00A621B5 /* Base */ = {isa = PBXFileReference; lastKnownFileType = file.xib; name = Base; path = Base.lproj/ColorSet.AboutWindowController.xib; sourceTree = "<group>"; };
		05D11ECB20E13E0800A621B5 /* AboutWindowController.swift */ = {isa = PBXFileReference; fileEncoding = 4; lastKnownFileType = sourcecode.swift; path = AboutWindowController.swift; sourceTree = "<group>"; };
		05D11ECD20E165FB00A621B5 /* File.icns */ = {isa = PBXFileReference; lastKnownFileType = image.icns; path = File.icns; sourceTree = "<group>"; };
		05DB415223846DCB0026C565 /* DictionaryRepresentable.swift */ = {isa = PBXFileReference; lastKnownFileType = sourcecode.swift; path = DictionaryRepresentable.swift; sourceTree = "<group>"; };
		05DB415623847CE80026C565 /* SaveAsOptionsViewController.swift */ = {isa = PBXFileReference; lastKnownFileType = sourcecode.swift; path = SaveAsOptionsViewController.swift; sourceTree = "<group>"; };
		05DB415923847CF80026C565 /* Base */ = {isa = PBXFileReference; lastKnownFileType = file.xib; name = Base; path = Base.lproj/ColorSet.SaveAsOptionsViewController.xib; sourceTree = "<group>"; };
		05DB415B23854B2B0026C565 /* Colors-XML.colorset */ = {isa = PBXFileReference; fileEncoding = 4; lastKnownFileType = text.xml; path = "Colors-XML.colorset"; sourceTree = "<group>"; };
/* End PBXFileReference section */

/* Begin PBXFrameworksBuildPhase section */
		0543AE5F20DC33BC00284E99 /* Frameworks */ = {
			isa = PBXFrameworksBuildPhase;
			buildActionMask = 2147483647;
			files = (
				05CD4AC120ED7CD100DBDE99 /* ColorSetKit.framework in Frameworks */,
			);
			runOnlyForDeploymentPostprocessing = 0;
		};
		057DC44822B1492200BA6727 /* Frameworks */ = {
			isa = PBXFrameworksBuildPhase;
			buildActionMask = 2147483647;
			files = (
				057DC45022B1492200BA6727 /* ColorSetKit.framework in Frameworks */,
			);
			runOnlyForDeploymentPostprocessing = 0;
		};
		05CD4AB720ED7CD100DBDE99 /* Frameworks */ = {
			isa = PBXFrameworksBuildPhase;
			buildActionMask = 2147483647;
			files = (
			);
			runOnlyForDeploymentPostprocessing = 0;
		};
/* End PBXFrameworksBuildPhase section */

/* Begin PBXGroup section */
		050911D720E559CF009EF90C /* xcconfig */ = {
			isa = PBXGroup;
			children = (
				050911D820E559CF009EF90C /* Release - ccache.xcconfig */,
				050911D920E559CF009EF90C /* Common.xcconfig */,
				050911DA20E559CF009EF90C /* Debug - ccache.xcconfig */,
				050911DB20E559CF009EF90C /* Debug.xcconfig */,
				050911DC20E559CF009EF90C /* Release.xcconfig */,
				050911DD20E559CF009EF90C /* README.md */,
				050911DE20E559CF009EF90C /* Common */,
				0509120520E559CF009EF90C /* .gitignore */,
				0509120620E559CF009EF90C /* Scripts */,
			);
			name = xcconfig;
			path = Submodules/xcconfig;
			sourceTree = "<group>";
		};
		050911DE20E559CF009EF90C /* Common */ = {
			isa = PBXGroup;
			children = (
				050911DF20E559CF009EF90C /* Signing.xcconfig */,
				050911E020E559CF009EF90C /* Architectures.xcconfig */,
				050911E120E559CF009EF90C /* Static-Analyzer */,
				050911E920E559CF009EF90C /* Deployment.xcconfig */,
				050911EA20E559CF009EF90C /* Build-Options.xcconfig */,
				050911EB20E559CF009EF90C /* Swift-Compiler.xcconfig */,
				050911EC20E559CF009EF90C /* Static-Analyzer.xcconfig */,
				050911ED20E559CF009EF90C /* Swift-Compiler */,
				050911F220E559CF009EF90C /* Search-Paths.xcconfig */,
				050911F320E559CF009EF90C /* Apple-LLVM.xcconfig */,
				050911F420E559CF009EF90C /* Apple-LLVM */,
			);
			path = Common;
			sourceTree = "<group>";
		};
		050911E120E559CF009EF90C /* Static-Analyzer */ = {
			isa = PBXGroup;
			children = (
				050911E220E559CF009EF90C /* Issues.xcconfig */,
				050911E320E559CF009EF90C /* Issues */,
			);
			path = "Static-Analyzer";
			sourceTree = "<group>";
		};
		050911E320E559CF009EF90C /* Issues */ = {
			isa = PBXGroup;
			children = (
				050911E420E559CF009EF90C /* Apple-APIs.xcconfig */,
				050911E520E559CF009EF90C /* Generic-Issues.xcconfig */,
				050911E620E559CF009EF90C /* Security.xcconfig */,
				050911E720E559CF009EF90C /* Objective-C.xcconfig */,
				050911E820E559CF009EF90C /* Analysis-Policy.xcconfig */,
			);
			path = Issues;
			sourceTree = "<group>";
		};
		050911ED20E559CF009EF90C /* Swift-Compiler */ = {
			isa = PBXGroup;
			children = (
				050911EE20E559CF009EF90C /* Warnings-Policies.xcconfig */,
				050911EF20E559CF009EF90C /* Code-Generation.xcconfig */,
				050911F020E559CF009EF90C /* Language.xcconfig */,
				050911F120E559CF009EF90C /* General.xcconfig */,
			);
			path = "Swift-Compiler";
			sourceTree = "<group>";
		};
		050911F420E559CF009EF90C /* Apple-LLVM */ = {
			isa = PBXGroup;
			children = (
				050911F520E559CF009EF90C /* Language */,
				050911F920E559CF009EF90C /* Code-Generation.xcconfig */,
				050911FA20E559CF009EF90C /* Address-Sanitizer.xcconfig */,
				050911FB20E559CF009EF90C /* Language.xcconfig */,
				050911FC20E559CF009EF90C /* Warnings.xcconfig */,
				050911FD20E559CF009EF90C /* Undefined-Behavior-Sanitizer.xcconfig */,
				050911FE20E559CF009EF90C /* Warning-Policies.xcconfig */,
				050911FF20E559CF009EF90C /* Warnings */,
				0509120420E559CF009EF90C /* Preprocessing.xcconfig */,
			);
			path = "Apple-LLVM";
			sourceTree = "<group>";
		};
		050911F520E559CF009EF90C /* Language */ = {
			isa = PBXGroup;
			children = (
				050911F620E559CF009EF90C /* Modules.xcconfig */,
				050911F720E559CF009EF90C /* Objective-C.xcconfig */,
				050911F820E559CF009EF90C /* C++.xcconfig */,
			);
			path = Language;
			sourceTree = "<group>";
		};
		050911FF20E559CF009EF90C /* Warnings */ = {
			isa = PBXGroup;
			children = (
				0509120020E559CF009EF90C /* Objective-C-ARC.xcconfig */,
				0509120120E559CF009EF90C /* Objective-C.xcconfig */,
				0509120220E559CF009EF90C /* C++.xcconfig */,
				0509120320E559CF009EF90C /* All-Languages.xcconfig */,
			);
			path = Warnings;
			sourceTree = "<group>";
		};
		0509120620E559CF009EF90C /* Scripts */ = {
			isa = PBXGroup;
			children = (
				0509120720E559CF009EF90C /* ccache-config.sh */,
				0509120820E559CF009EF90C /* ccache.sh */,
			);
			path = Scripts;
			sourceTree = "<group>";
		};
		0509121420E55A7F009EF90C /* Frameworks */ = {
			isa = PBXGroup;
			children = (
			);
			name = Frameworks;
			sourceTree = "<group>";
		};
		0509122720E55CB5009EF90C /* ColorSetKit */ = {
			isa = PBXGroup;
			children = (
				05CD4AC620ED7CE000DBDE99 /* Info.plist */,
				0544CBF12273197D004A2499 /* NSColor+ColorSetKit.swift */,
				0544CBF322731990004A2499 /* ColorPair.swift */,
				05A6D8C6234107A40079AF3B /* LightnessVariant.swift */,
				05A6D8C8234107B30079AF3B /* LightnessPair.swift */,
				0544CC0C2273466C004A2499 /* ColorSetStream.swift */,
				0544CBF52273199C004A2499 /* ColorSet.swift */,
				05DB415223846DCB0026C565 /* DictionaryRepresentable.swift */,
			);
			path = ColorSetKit;
			sourceTree = "<group>";
		};
		0543AE5920DC33BC00284E99 = {
			isa = PBXGroup;
			children = (
				05CD4AB220ED7B2200DBDE99 /* README.md */,
				050911D720E559CF009EF90C /* xcconfig */,
				0543AE6420DC33BC00284E99 /* ColorSet */,
				0509122720E55CB5009EF90C /* ColorSetKit */,
				057DC44C22B1492200BA6727 /* ColorSetKit-Test */,
				0543AE6320DC33BC00284E99 /* Products */,
				0509121420E55A7F009EF90C /* Frameworks */,
				0556FA2E2342101900EB91DB /* ColorSet copy-Info.plist */,
			);
			sourceTree = "<group>";
		};
		0543AE6320DC33BC00284E99 /* Products */ = {
			isa = PBXGroup;
			children = (
				0543AE6220DC33BC00284E99 /* ColorSet.app */,
				05CD4ABA20ED7CD100DBDE99 /* ColorSetKit.framework */,
				057DC44B22B1492200BA6727 /* ColorSetKit-Test.xctest */,
			);
			name = Products;
			sourceTree = "<group>";
		};
		0543AE6420DC33BC00284E99 /* ColorSet */ = {
			isa = PBXGroup;
			children = (
				0543AE7320DC33DF00284E99 /* Classes */,
				0543AE7520DC33DF00284E99 /* Interface */,
				0543AE6C20DC33BD00284E99 /* Info.plist */,
				0543AE6D20DC33BD00284E99 /* ColorSet.entitlements */,
			);
			path = ColorSet;
			sourceTree = "<group>";
		};
		0543AE7320DC33DF00284E99 /* Classes */ = {
			isa = PBXGroup;
			children = (
				05D11ECB20E13E0800A621B5 /* AboutWindowController.swift */,
				0543AE7420DC33DF00284E99 /* ApplicationDelegate.swift */,
				0530C41E20E10FEA00F5B259 /* ArrayIsEmpty.swift */,
				0530C42020E1112C00F5B259 /* ArrayIsNotEmpty.swift */,
				0543AE8120DC382A00284E99 /* ColorItem.swift */,
				0530C42420E1305B00F5B259 /* ColorSet-Bridging-Header.h */,
				0543AE9D20E0FFD000284E99 /* ColorView.swift */,
				0556FA6C2342796C00EB91DB /* DrawingView.swift */,
				0530C42520E1305B00F5B259 /* Exception.h */,
				0530C42620E1305B00F5B259 /* Exception.m */,
				059F8C77233CDB3300C9B83F /* HColorComponent.swift */,
				0564590120E4DDFD001EA86F /* HexColor.swift */,
				05A6D8C12340EA740079AF3B /* LightnessPairCollectionViewItem.swift */,
				05A6D898233F8E6C0079AF3B /* LightnessPairItem.swift */,
				05A6D890233F80430079AF3B /* LightnessPairWindowController.swift */,
				05A6D896233F8A300079AF3B /* LightnessString.swift */,
				0543AE7C20DC345200284E99 /* MainWindowController.swift */,
				0530C42220E1213500F5B259 /* NSView.swift */,
				0556FA6D2342796C00EB91DB /* PaletteColorInfo.swift */,
				0556FA6B2342796C00EB91DB /* PaletteColorItem.swift */,
				0556FA66234275CF00EB91DB /* PaletteViewController.swift */,
				05D11EC020E1359C00A621B5 /* RGBColorComponent.swift */,
				05DB415623847CE80026C565 /* SaveAsOptionsViewController.swift */,
				059F8C78233CDB3300C9B83F /* SLColorComponent.swift */,
			);
			path = Classes;
			sourceTree = "<group>";
		};
		0543AE7520DC33DF00284E99 /* Interface */ = {
			isa = PBXGroup;
			children = (
				05D11EC820E13DFF00A621B5 /* ColorSet.AboutWindowController.xib */,
				05A6D8C32340EA880079AF3B /* ColorSet.LightnessPairCollectionViewItem.xib */,
				05A6D893233F805C0079AF3B /* ColorSet.LightnessPairWindowController.xib */,
				0543AE7E20DC35CC00284E99 /* ColorSet.MainWindowController.xib */,
				0556FA682342761000EB91DB /* ColorSet.PaletteViewController.xib */,
				05DB415823847CF80026C565 /* ColorSet.SaveAsOptionsViewController.xib */,
				05D11ECD20E165FB00A621B5 /* File.icns */,
				05D11EC620E13B9400A621B5 /* Icon.icns */,
				0543AE7720DC33DF00284E99 /* MainMenu.xib */,
				0556FA7123427DE500EB91DB /* PaletteColorItem.xib */,
			);
			path = Interface;
			sourceTree = "<group>";
		};
		057DC44C22B1492200BA6727 /* ColorSetKit-Test */ = {
			isa = PBXGroup;
			children = (
				057DC45722B14CC300BA6727 /* Colors.colorset */,
				05DB415B23854B2B0026C565 /* Colors-XML.colorset */,
				057DC44D22B1492200BA6727 /* Test.swift */,
				057DC44F22B1492200BA6727 /* Info.plist */,
			);
			path = "ColorSetKit-Test";
			sourceTree = "<group>";
		};
/* End PBXGroup section */

/* Begin PBXHeadersBuildPhase section */
		05CD4AB520ED7CD100DBDE99 /* Headers */ = {
			isa = PBXHeadersBuildPhase;
			buildActionMask = 2147483647;
			files = (
			);
			runOnlyForDeploymentPostprocessing = 0;
		};
/* End PBXHeadersBuildPhase section */

/* Begin PBXLegacyTarget section */
		0556FA752343510900EB91DB /* ColorSetKit-Documentation */ = {
			isa = PBXLegacyTarget;
			buildArgumentsString = "";
			buildConfigurationList = 0556FA782343510900EB91DB /* Build configuration list for PBXLegacyTarget "ColorSetKit-Documentation" */;
			buildPhases = (
			);
			buildToolPath = /usr/bin/make;
			buildWorkingDirectory = Documentation;
			dependencies = (
			);
			name = "ColorSetKit-Documentation";
			passBuildSettingsInEnvironment = 1;
			productName = "ColorSetKit-Documentation";
		};
/* End PBXLegacyTarget section */

/* Begin PBXNativeTarget section */
		0543AE6120DC33BC00284E99 /* ColorSet */ = {
			isa = PBXNativeTarget;
			buildConfigurationList = 0543AE7020DC33BD00284E99 /* Build configuration list for PBXNativeTarget "ColorSet" */;
			buildPhases = (
				0543AE5E20DC33BC00284E99 /* Sources */,
				0543AE5F20DC33BC00284E99 /* Frameworks */,
				0509122120E55AE4009EF90C /* ShellScript */,
				0543AE6020DC33BC00284E99 /* Resources */,
				0509121620E55A8A009EF90C /* CopyFiles */,
			);
			buildRules = (
			);
			dependencies = (
				05CD4AC020ED7CD100DBDE99 /* PBXTargetDependency */,
			);
			name = ColorSet;
			productName = ColorSet;
			productReference = 0543AE6220DC33BC00284E99 /* ColorSet.app */;
			productType = "com.apple.product-type.application";
		};
		057DC44A22B1492200BA6727 /* ColorSetKit-Test */ = {
			isa = PBXNativeTarget;
			buildConfigurationList = 057DC45622B1492200BA6727 /* Build configuration list for PBXNativeTarget "ColorSetKit-Test" */;
			buildPhases = (
				057DC44722B1492200BA6727 /* Sources */,
				057DC44822B1492200BA6727 /* Frameworks */,
				057DC44922B1492200BA6727 /* Resources */,
			);
			buildRules = (
			);
			dependencies = (
				057DC45222B1492200BA6727 /* PBXTargetDependency */,
			);
			name = "ColorSetKit-Test";
			productName = "ColorSetKit-Test";
			productReference = 057DC44B22B1492200BA6727 /* ColorSetKit-Test.xctest */;
			productType = "com.apple.product-type.bundle.unit-test";
		};
		05CD4AB920ED7CD100DBDE99 /* ColorSetKit */ = {
			isa = PBXNativeTarget;
			buildConfigurationList = 05CD4AC320ED7CD100DBDE99 /* Build configuration list for PBXNativeTarget "ColorSetKit" */;
			buildPhases = (
				05CD4AB520ED7CD100DBDE99 /* Headers */,
				05CD4AB620ED7CD100DBDE99 /* Sources */,
				05CD4AB720ED7CD100DBDE99 /* Frameworks */,
				05CD4AB820ED7CD100DBDE99 /* Resources */,
			);
			buildRules = (
			);
			dependencies = (
			);
			name = ColorSetKit;
			productName = ColorSetKit;
			productReference = 05CD4ABA20ED7CD100DBDE99 /* ColorSetKit.framework */;
			productType = "com.apple.product-type.framework";
		};
/* End PBXNativeTarget section */

/* Begin PBXProject section */
		0543AE5A20DC33BC00284E99 /* Project object */ = {
			isa = PBXProject;
			attributes = {
				LastSwiftUpdateCheck = 1020;
				LastUpgradeCheck = 0940;
				ORGANIZATIONNAME = "XS-Labs";
				TargetAttributes = {
					0543AE6120DC33BC00284E99 = {
						CreatedOnToolsVersion = 9.4.1;
						LastSwiftMigration = 1000;
						SystemCapabilities = {
							com.apple.HardenedRuntime = {
								enabled = 1;
							};
							com.apple.Sandbox = {
								enabled = 1;
							};
						};
					};
					0556FA752343510900EB91DB = {
						CreatedOnToolsVersion = 11.0;
					};
					057DC44A22B1492200BA6727 = {
						CreatedOnToolsVersion = 10.2.1;
					};
					05CD4AB920ED7CD100DBDE99 = {
						CreatedOnToolsVersion = 10.0;
						LastSwiftMigration = 1020;
					};
				};
			};
			buildConfigurationList = 0543AE5D20DC33BC00284E99 /* Build configuration list for PBXProject "ColorSet" */;
			compatibilityVersion = "Xcode 9.3";
			developmentRegion = en;
			hasScannedForEncodings = 0;
			knownRegions = (
				en,
				Base,
			);
			mainGroup = 0543AE5920DC33BC00284E99;
			productRefGroup = 0543AE6320DC33BC00284E99 /* Products */;
			projectDirPath = "";
			projectRoot = "";
			targets = (
				0543AE6120DC33BC00284E99 /* ColorSet */,
				05CD4AB920ED7CD100DBDE99 /* ColorSetKit */,
				057DC44A22B1492200BA6727 /* ColorSetKit-Test */,
				0556FA752343510900EB91DB /* ColorSetKit-Documentation */,
			);
		};
/* End PBXProject section */

/* Begin PBXResourcesBuildPhase section */
		0543AE6020DC33BC00284E99 /* Resources */ = {
			isa = PBXResourcesBuildPhase;
			buildActionMask = 2147483647;
			files = (
				05A6D8C52340EA880079AF3B /* ColorSet.LightnessPairCollectionViewItem.xib in Resources */,
				05D11EC720E13B9400A621B5 /* Icon.icns in Resources */,
				0556FA6A2342761000EB91DB /* ColorSet.PaletteViewController.xib in Resources */,
				0543AE8020DC35CC00284E99 /* ColorSet.MainWindowController.xib in Resources */,
				05DB415A23847CF80026C565 /* ColorSet.SaveAsOptionsViewController.xib in Resources */,
				0556FA7323427DE500EB91DB /* PaletteColorItem.xib in Resources */,
				05D11ECE20E165FB00A621B5 /* File.icns in Resources */,
				0543AE7B20DC33DF00284E99 /* MainMenu.xib in Resources */,
				05D11ECA20E13DFF00A621B5 /* ColorSet.AboutWindowController.xib in Resources */,
				05A6D895233F805C0079AF3B /* ColorSet.LightnessPairWindowController.xib in Resources */,
			);
			runOnlyForDeploymentPostprocessing = 0;
		};
		057DC44922B1492200BA6727 /* Resources */ = {
			isa = PBXResourcesBuildPhase;
			buildActionMask = 2147483647;
			files = (
				05DB415C23854B2B0026C565 /* Colors-XML.colorset in Resources */,
				057DC45822B14CC300BA6727 /* Colors.colorset in Resources */,
			);
			runOnlyForDeploymentPostprocessing = 0;
		};
		05CD4AB820ED7CD100DBDE99 /* Resources */ = {
			isa = PBXResourcesBuildPhase;
			buildActionMask = 2147483647;
			files = (
			);
			runOnlyForDeploymentPostprocessing = 0;
		};
/* End PBXResourcesBuildPhase section */

/* Begin PBXShellScriptBuildPhase section */
		0509122120E55AE4009EF90C /* ShellScript */ = {
			isa = PBXShellScriptBuildPhase;
			buildActionMask = 2147483647;
			files = (
			);
			inputPaths = (
			);
			outputPaths = (
			);
			runOnlyForDeploymentPostprocessing = 0;
			shellPath = /bin/sh;
			shellScript = "#!/bin/bash\nif [ \"${CONFIGURATION}\" = \"Release\" ]; then\n    plist=\"ColorSet/Info.plist\"\n    rev=$(git rev-list `git branch | grep -e \"^*\" | cut -d' ' -f 2` | wc -l)\n    /usr/libexec/PlistBuddy -c \"Set :CFBundleVersion $rev\" \"$plist\"\nfi\n";
		};
/* End PBXShellScriptBuildPhase section */

/* Begin PBXSourcesBuildPhase section */
		0543AE5E20DC33BC00284E99 /* Sources */ = {
			isa = PBXSourcesBuildPhase;
			buildActionMask = 2147483647;
			files = (
				0556FA702342796C00EB91DB /* PaletteColorInfo.swift in Sources */,
				059F8C7A233CDB3300C9B83F /* SLColorComponent.swift in Sources */,
				05A6D891233F80430079AF3B /* LightnessPairWindowController.swift in Sources */,
				0530C42320E1213500F5B259 /* NSView.swift in Sources */,
				05D11ECC20E13E0900A621B5 /* AboutWindowController.swift in Sources */,
				0564590220E4DDFD001EA86F /* HexColor.swift in Sources */,
				0543AE9E20E0FFD000284E99 /* ColorView.swift in Sources */,
				0543AE8220DC382A00284E99 /* ColorItem.swift in Sources */,
				0556FA6F2342796C00EB91DB /* DrawingView.swift in Sources */,
				0556FA6E2342796C00EB91DB /* PaletteColorItem.swift in Sources */,
				05DB415723847CE80026C565 /* SaveAsOptionsViewController.swift in Sources */,
				05A6D897233F8A300079AF3B /* LightnessString.swift in Sources */,
				05A6D8C22340EA740079AF3B /* LightnessPairCollectionViewItem.swift in Sources */,
				0530C41F20E10FEA00F5B259 /* ArrayIsEmpty.swift in Sources */,
				0556FA67234275CF00EB91DB /* PaletteViewController.swift in Sources */,
				059F8C79233CDB3300C9B83F /* HColorComponent.swift in Sources */,
				0530C42120E1112C00F5B259 /* ArrayIsNotEmpty.swift in Sources */,
				05D11EC120E1359C00A621B5 /* RGBColorComponent.swift in Sources */,
				0530C42720E1305B00F5B259 /* Exception.m in Sources */,
				0543AE7D20DC345200284E99 /* MainWindowController.swift in Sources */,
				05A6D899233F8E6C0079AF3B /* LightnessPairItem.swift in Sources */,
				0543AE7920DC33DF00284E99 /* ApplicationDelegate.swift in Sources */,
			);
			runOnlyForDeploymentPostprocessing = 0;
		};
		057DC44722B1492200BA6727 /* Sources */ = {
			isa = PBXSourcesBuildPhase;
			buildActionMask = 2147483647;
			files = (
				057DC44E22B1492200BA6727 /* Test.swift in Sources */,
			);
			runOnlyForDeploymentPostprocessing = 0;
		};
		05CD4AB620ED7CD100DBDE99 /* Sources */ = {
			isa = PBXSourcesBuildPhase;
			buildActionMask = 2147483647;
			files = (
				0544CBF62273199C004A2499 /* ColorSet.swift in Sources */,
				0544CBF422731990004A2499 /* ColorPair.swift in Sources */,
				05DB415323846DCB0026C565 /* DictionaryRepresentable.swift in Sources */,
				0544CC0D2273466C004A2499 /* ColorSetStream.swift in Sources */,
				05A6D8C9234107B30079AF3B /* LightnessPair.swift in Sources */,
				05A6D8C7234107A40079AF3B /* LightnessVariant.swift in Sources */,
				0544CBF22273197D004A2499 /* NSColor+ColorSetKit.swift in Sources */,
			);
			runOnlyForDeploymentPostprocessing = 0;
		};
/* End PBXSourcesBuildPhase section */

/* Begin PBXTargetDependency section */
		057DC45222B1492200BA6727 /* PBXTargetDependency */ = {
			isa = PBXTargetDependency;
			target = 05CD4AB920ED7CD100DBDE99 /* ColorSetKit */;
			targetProxy = 057DC45122B1492200BA6727 /* PBXContainerItemProxy */;
		};
		05CD4AC020ED7CD100DBDE99 /* PBXTargetDependency */ = {
			isa = PBXTargetDependency;
			target = 05CD4AB920ED7CD100DBDE99 /* ColorSetKit */;
			targetProxy = 05CD4ABF20ED7CD100DBDE99 /* PBXContainerItemProxy */;
		};
/* End PBXTargetDependency section */

/* Begin PBXVariantGroup section */
		0543AE7720DC33DF00284E99 /* MainMenu.xib */ = {
			isa = PBXVariantGroup;
			children = (
				0543AE7820DC33DF00284E99 /* Base */,
			);
			name = MainMenu.xib;
			sourceTree = "<group>";
		};
		0543AE7E20DC35CC00284E99 /* ColorSet.MainWindowController.xib */ = {
			isa = PBXVariantGroup;
			children = (
				0543AE7F20DC35CC00284E99 /* Base */,
			);
			name = ColorSet.MainWindowController.xib;
			sourceTree = "<group>";
		};
		0556FA682342761000EB91DB /* ColorSet.PaletteViewController.xib */ = {
			isa = PBXVariantGroup;
			children = (
				0556FA692342761000EB91DB /* Base */,
			);
			name = ColorSet.PaletteViewController.xib;
			sourceTree = "<group>";
		};
		0556FA7123427DE500EB91DB /* PaletteColorItem.xib */ = {
			isa = PBXVariantGroup;
			children = (
				0556FA7223427DE500EB91DB /* Base */,
			);
			name = PaletteColorItem.xib;
			sourceTree = "<group>";
		};
		05A6D893233F805C0079AF3B /* ColorSet.LightnessPairWindowController.xib */ = {
			isa = PBXVariantGroup;
			children = (
				05A6D894233F805C0079AF3B /* Base */,
			);
			name = ColorSet.LightnessPairWindowController.xib;
			sourceTree = "<group>";
		};
		05A6D8C32340EA880079AF3B /* ColorSet.LightnessPairCollectionViewItem.xib */ = {
			isa = PBXVariantGroup;
			children = (
				05A6D8C42340EA880079AF3B /* Base */,
			);
			name = ColorSet.LightnessPairCollectionViewItem.xib;
			sourceTree = "<group>";
		};
		05D11EC820E13DFF00A621B5 /* ColorSet.AboutWindowController.xib */ = {
			isa = PBXVariantGroup;
			children = (
				05D11EC920E13DFF00A621B5 /* Base */,
			);
			name = ColorSet.AboutWindowController.xib;
			sourceTree = "<group>";
		};
		05DB415823847CF80026C565 /* ColorSet.SaveAsOptionsViewController.xib */ = {
			isa = PBXVariantGroup;
			children = (
				05DB415923847CF80026C565 /* Base */,
			);
			name = ColorSet.SaveAsOptionsViewController.xib;
			sourceTree = "<group>";
		};
/* End PBXVariantGroup section */

/* Begin XCBuildConfiguration section */
		0543AE6E20DC33BD00284E99 /* Debug */ = {
			isa = XCBuildConfiguration;
			baseConfigurationReference = 050911DB20E559CF009EF90C /* Debug.xcconfig */;
			buildSettings = {
				DEVELOPMENT_TEAM = J5PR93692Y;
				MACOSX_DEPLOYMENT_TARGET = 10.13;
			};
			name = Debug;
		};
		0543AE6F20DC33BD00284E99 /* Release */ = {
			isa = XCBuildConfiguration;
			baseConfigurationReference = 050911DC20E559CF009EF90C /* Release.xcconfig */;
			buildSettings = {
				DEVELOPMENT_TEAM = J5PR93692Y;
				MACOSX_DEPLOYMENT_TARGET = 10.13;
			};
			name = Release;
		};
		0543AE7120DC33BD00284E99 /* Debug */ = {
			isa = XCBuildConfiguration;
			buildSettings = {
				ALWAYS_EMBED_SWIFT_STANDARD_LIBRARIES = YES;
				CODE_SIGN_ENTITLEMENTS = ColorSet/ColorSet.entitlements;
				CODE_SIGN_IDENTITY = "Mac Developer";
				COMBINE_HIDPI_IMAGES = YES;
				ENABLE_HARDENED_RUNTIME = YES;
				INFOPLIST_FILE = ColorSet/Info.plist;
				LD_RUNPATH_SEARCH_PATHS = (
					"$(inherited)",
					"@executable_path/../Frameworks",
				);
				MARKETING_VERSION = 1.3.0;
				PRODUCT_BUNDLE_IDENTIFIER = com.DigiDNA.ColorSet;
				PRODUCT_NAME = "$(TARGET_NAME)";
				SWIFT_OBJC_BRIDGING_HEADER = "ColorSet/Classes/ColorSet-Bridging-Header.h";
			};
			name = Debug;
		};
		0543AE7220DC33BD00284E99 /* Release */ = {
			isa = XCBuildConfiguration;
			buildSettings = {
				ALWAYS_EMBED_SWIFT_STANDARD_LIBRARIES = YES;
				CODE_SIGN_ENTITLEMENTS = ColorSet/ColorSet.entitlements;
				CODE_SIGN_IDENTITY = "Mac Developer";
				COMBINE_HIDPI_IMAGES = YES;
				ENABLE_HARDENED_RUNTIME = YES;
				INFOPLIST_FILE = ColorSet/Info.plist;
				LD_RUNPATH_SEARCH_PATHS = (
					"$(inherited)",
					"@executable_path/../Frameworks",
				);
				MARKETING_VERSION = 1.3.0;
				PRODUCT_BUNDLE_IDENTIFIER = com.DigiDNA.ColorSet;
				PRODUCT_NAME = "$(TARGET_NAME)";
				SWIFT_OBJC_BRIDGING_HEADER = "ColorSet/Classes/ColorSet-Bridging-Header.h";
			};
			name = Release;
		};
		0556FA762343510900EB91DB /* Debug */ = {
			isa = XCBuildConfiguration;
			buildSettings = {
			};
			name = Debug;
		};
		0556FA772343510900EB91DB /* Release */ = {
			isa = XCBuildConfiguration;
			buildSettings = {
			};
			name = Release;
		};
		057DC45322B1492200BA6727 /* Debug */ = {
			isa = XCBuildConfiguration;
			buildSettings = {
				INFOPLIST_FILE = "ColorSetKit-Test/Info.plist";
				LD_RUNPATH_SEARCH_PATHS = (
					"$(inherited)",
					"@executable_path/../Frameworks",
					"@loader_path/../Frameworks",
				);
				PRODUCT_BUNDLE_IDENTIFIER = "com.xs-labs.ColorSetKit-Test";
				PRODUCT_NAME = "$(TARGET_NAME)";
			};
			name = Debug;
		};
		057DC45422B1492200BA6727 /* Release */ = {
			isa = XCBuildConfiguration;
			buildSettings = {
				INFOPLIST_FILE = "ColorSetKit-Test/Info.plist";
				LD_RUNPATH_SEARCH_PATHS = (
					"$(inherited)",
					"@executable_path/../Frameworks",
					"@loader_path/../Frameworks",
				);
				PRODUCT_BUNDLE_IDENTIFIER = "com.xs-labs.ColorSetKit-Test";
				PRODUCT_NAME = "$(TARGET_NAME)";
			};
			name = Release;
		};
		05CD4AC420ED7CD100DBDE99 /* Debug */ = {
			isa = XCBuildConfiguration;
			buildSettings = {
				BUILD_LIBRARY_FOR_DISTRIBUTION = YES;
				CLANG_ENABLE_MODULES = YES;
				CURRENT_PROJECT_VERSION = 1;
				DEFINES_MODULE = YES;
				DYLIB_COMPATIBILITY_VERSION = 1;
				DYLIB_CURRENT_VERSION = 1;
				DYLIB_INSTALL_NAME_BASE = "@rpath";
				FRAMEWORK_VERSION = A;
				GCC_SYMBOLS_PRIVATE_EXTERN = NO;
				INFOPLIST_FILE = ColorSetKit/Info.plist;
				LD_RUNPATH_SEARCH_PATHS = (
					"$(inherited)",
					"@executable_path/../Frameworks",
					"@loader_path/Frameworks",
				);
				MACOSX_DEPLOYMENT_TARGET = 10.9;
				PRODUCT_BUNDLE_IDENTIFIER = com.DigiDNA.ColorSetKit;
				PRODUCT_NAME = "$(TARGET_NAME:c99extidentifier)";
				SKIP_INSTALL = YES;
				STRIP_STYLE = debugging;
				SWIFT_OPTIMIZATION_LEVEL = "-Onone";
				SWIFT_VERSION = 5.0;
				VERSIONING_SYSTEM = "apple-generic";
				VERSION_INFO_PREFIX = "";
			};
			name = Debug;
		};
		05CD4AC520ED7CD100DBDE99 /* Release */ = {
			isa = XCBuildConfiguration;
			buildSettings = {
				BUILD_LIBRARY_FOR_DISTRIBUTION = YES;
				CLANG_ENABLE_MODULES = YES;
				CURRENT_PROJECT_VERSION = 1;
				DEFINES_MODULE = YES;
				DYLIB_COMPATIBILITY_VERSION = 1;
				DYLIB_CURRENT_VERSION = 1;
				DYLIB_INSTALL_NAME_BASE = "@rpath";
				FRAMEWORK_VERSION = A;
				GCC_SYMBOLS_PRIVATE_EXTERN = NO;
				INFOPLIST_FILE = ColorSetKit/Info.plist;
				LD_RUNPATH_SEARCH_PATHS = (
					"$(inherited)",
					"@executable_path/../Frameworks",
					"@loader_path/Frameworks",
				);
				MACOSX_DEPLOYMENT_TARGET = 10.9;
				PRODUCT_BUNDLE_IDENTIFIER = com.DigiDNA.ColorSetKit;
				PRODUCT_NAME = "$(TARGET_NAME:c99extidentifier)";
				SKIP_INSTALL = YES;
				STRIP_STYLE = debugging;
				SWIFT_VERSION = 5.0;
				VERSIONING_SYSTEM = "apple-generic";
				VERSION_INFO_PREFIX = "";
			};
			name = Release;
		};
/* End XCBuildConfiguration section */

/* Begin XCConfigurationList section */
		0543AE5D20DC33BC00284E99 /* Build configuration list for PBXProject "ColorSet" */ = {
			isa = XCConfigurationList;
			buildConfigurations = (
				0543AE6E20DC33BD00284E99 /* Debug */,
				0543AE6F20DC33BD00284E99 /* Release */,
			);
			defaultConfigurationIsVisible = 0;
			defaultConfigurationName = Release;
		};
		0543AE7020DC33BD00284E99 /* Build configuration list for PBXNativeTarget "ColorSet" */ = {
			isa = XCConfigurationList;
			buildConfigurations = (
				0543AE7120DC33BD00284E99 /* Debug */,
				0543AE7220DC33BD00284E99 /* Release */,
			);
			defaultConfigurationIsVisible = 0;
			defaultConfigurationName = Release;
		};
		0556FA782343510900EB91DB /* Build configuration list for PBXLegacyTarget "ColorSetKit-Documentation" */ = {
			isa = XCConfigurationList;
			buildConfigurations = (
				0556FA762343510900EB91DB /* Debug */,
				0556FA772343510900EB91DB /* Release */,
			);
			defaultConfigurationIsVisible = 0;
			defaultConfigurationName = Release;
		};
		057DC45622B1492200BA6727 /* Build configuration list for PBXNativeTarget "ColorSetKit-Test" */ = {
			isa = XCConfigurationList;
			buildConfigurations = (
				057DC45322B1492200BA6727 /* Debug */,
				057DC45422B1492200BA6727 /* Release */,
			);
			defaultConfigurationIsVisible = 0;
			defaultConfigurationName = Release;
		};
		05CD4AC320ED7CD100DBDE99 /* Build configuration list for PBXNativeTarget "ColorSetKit" */ = {
			isa = XCConfigurationList;
			buildConfigurations = (
				05CD4AC420ED7CD100DBDE99 /* Debug */,
				05CD4AC520ED7CD100DBDE99 /* Release */,
			);
			defaultConfigurationIsVisible = 0;
			defaultConfigurationName = Release;
		};
/* End XCConfigurationList section */
	};
	rootObject = 0543AE5A20DC33BC00284E99 /* Project object */;
}
