// !$*UTF8*$!
{
	archiveVersion = 1;
	classes = {
	};
	objectVersion = 50;
	objects = {

/* Begin PBXBuildFile section */
		0530C41F20E10FEA00F5B259 /* ArrayIsEmpty.swift in Sources */ = {isa = PBXBuildFile; fileRef = 0530C41E20E10FEA00F5B259 /* ArrayIsEmpty.swift */; };
		0530C42120E1112C00F5B259 /* ArrayIsNotEmpty.swift in Sources */ = {isa = PBXBuildFile; fileRef = 0530C42020E1112C00F5B259 /* ArrayIsNotEmpty.swift */; };
		0530C42320E1213500F5B259 /* NSView.swift in Sources */ = {isa = PBXBuildFile; fileRef = 0530C42220E1213500F5B259 /* NSView.swift */; };
		0530C42720E1305B00F5B259 /* Exception.m in Sources */ = {isa = PBXBuildFile; fileRef = 0530C42620E1305B00F5B259 /* Exception.m */; };
		0543AE7920DC33DF00284E99 /* ApplicationDelegate.swift in Sources */ = {isa = PBXBuildFile; fileRef = 0543AE7420DC33DF00284E99 /* ApplicationDelegate.swift */; };
		0543AE7B20DC33DF00284E99 /* MainMenu.xib in Resources */ = {isa = PBXBuildFile; fileRef = 0543AE7720DC33DF00284E99 /* MainMenu.xib */; };
		0543AE7D20DC345200284E99 /* MainWindowController.swift in Sources */ = {isa = PBXBuildFile; fileRef = 0543AE7C20DC345200284E99 /* MainWindowController.swift */; };
		0543AE8020DC35CC00284E99 /* ColorSet.MainWindowController.xib in Resources */ = {isa = PBXBuildFile; fileRef = 0543AE7E20DC35CC00284E99 /* ColorSet.MainWindowController.xib */; };
		0543AE8220DC382A00284E99 /* ColorItem.swift in Sources */ = {isa = PBXBuildFile; fileRef = 0543AE8120DC382A00284E99 /* ColorItem.swift */; };
		0543AE9E20E0FFD000284E99 /* ColorView.swift in Sources */ = {isa = PBXBuildFile; fileRef = 0543AE9D20E0FFD000284E99 /* ColorView.swift */; };
		0556FA67234275CF00EB91DB /* PaletteViewController.swift in Sources */ = {isa = PBXBuildFile; fileRef = 0556FA66234275CF00EB91DB /* PaletteViewController.swift */; };
		0556FA6A2342761000EB91DB /* ColorSet.PaletteViewController.xib in Resources */ = {isa = PBXBuildFile; fileRef = 0556FA682342761000EB91DB /* ColorSet.PaletteViewController.xib */; };
		0556FA6E2342796C00EB91DB /* PaletteColorItem.swift in Sources */ = {isa = PBXBuildFile; fileRef = 0556FA6B2342796C00EB91DB /* PaletteColorItem.swift */; };
		0556FA6F2342796C00EB91DB /* DrawingView.swift in Sources */ = {isa = PBXBuildFile; fileRef = 0556FA6C2342796C00EB91DB /* DrawingView.swift */; };
		0556FA702342796C00EB91DB /* PaletteColorInfo.swift in Sources */ = {isa = PBXBuildFile; fileRef = 0556FA6D2342796C00EB91DB /* PaletteColorInfo.swift */; };
		0556FA7323427DE500EB91DB /* PaletteColorItem.xib in Resources */ = {isa = PBXBuildFile; fileRef = 0556FA7123427DE500EB91DB /* PaletteColorItem.xib */; };
		0557324F23D5ECD900BFB336 /* ColorSetKit.framework in Frameworks */ = {isa = PBXBuildFile; fileRef = 0557324A23D5ECC700BFB336 /* ColorSetKit.framework */; };
		0557325023D5ECE700BFB336 /* ColorSetKit.framework in CopyFiles */ = {isa = PBXBuildFile; fileRef = 0557324A23D5ECC700BFB336 /* ColorSetKit.framework */; settings = {ATTRIBUTES = (CodeSignOnCopy, RemoveHeadersOnCopy, ); }; };
		0564590220E4DDFD001EA86F /* HexColor.swift in Sources */ = {isa = PBXBuildFile; fileRef = 0564590120E4DDFD001EA86F /* HexColor.swift */; };
		059F8C79233CDB3300C9B83F /* HColorComponent.swift in Sources */ = {isa = PBXBuildFile; fileRef = 059F8C77233CDB3300C9B83F /* HColorComponent.swift */; };
		059F8C7A233CDB3300C9B83F /* SLColorComponent.swift in Sources */ = {isa = PBXBuildFile; fileRef = 059F8C78233CDB3300C9B83F /* SLColorComponent.swift */; };
		05A6D891233F80430079AF3B /* LightnessPairWindowController.swift in Sources */ = {isa = PBXBuildFile; fileRef = 05A6D890233F80430079AF3B /* LightnessPairWindowController.swift */; };
		05A6D895233F805C0079AF3B /* ColorSet.LightnessPairWindowController.xib in Resources */ = {isa = PBXBuildFile; fileRef = 05A6D893233F805C0079AF3B /* ColorSet.LightnessPairWindowController.xib */; };
		05A6D897233F8A300079AF3B /* LightnessString.swift in Sources */ = {isa = PBXBuildFile; fileRef = 05A6D896233F8A300079AF3B /* LightnessString.swift */; };
		05A6D899233F8E6C0079AF3B /* LightnessPairItem.swift in Sources */ = {isa = PBXBuildFile; fileRef = 05A6D898233F8E6C0079AF3B /* LightnessPairItem.swift */; };
		05A6D8C22340EA740079AF3B /* LightnessPairCollectionViewItem.swift in Sources */ = {isa = PBXBuildFile; fileRef = 05A6D8C12340EA740079AF3B /* LightnessPairCollectionViewItem.swift */; };
		05A6D8C52340EA880079AF3B /* ColorSet.LightnessPairCollectionViewItem.xib in Resources */ = {isa = PBXBuildFile; fileRef = 05A6D8C32340EA880079AF3B /* ColorSet.LightnessPairCollectionViewItem.xib */; };
		05D11EC120E1359C00A621B5 /* RGBColorComponent.swift in Sources */ = {isa = PBXBuildFile; fileRef = 05D11EC020E1359C00A621B5 /* RGBColorComponent.swift */; };
		05D11EC720E13B9400A621B5 /* Icon.icns in Resources */ = {isa = PBXBuildFile; fileRef = 05D11EC620E13B9400A621B5 /* Icon.icns */; };
		05D11ECA20E13DFF00A621B5 /* ColorSet.AboutWindowController.xib in Resources */ = {isa = PBXBuildFile; fileRef = 05D11EC820E13DFF00A621B5 /* ColorSet.AboutWindowController.xib */; };
		05D11ECC20E13E0900A621B5 /* AboutWindowController.swift in Sources */ = {isa = PBXBuildFile; fileRef = 05D11ECB20E13E0800A621B5 /* AboutWindowController.swift */; };
		05D11ECE20E165FB00A621B5 /* File.icns in Resources */ = {isa = PBXBuildFile; fileRef = 05D11ECD20E165FB00A621B5 /* File.icns */; };
		05DB415723847CE80026C565 /* SaveAsOptionsViewController.swift in Sources */ = {isa = PBXBuildFile; fileRef = 05DB415623847CE80026C565 /* SaveAsOptionsViewController.swift */; };
		05DB415A23847CF80026C565 /* ColorSet.SaveAsOptionsViewController.xib in Resources */ = {isa = PBXBuildFile; fileRef = 05DB415823847CF80026C565 /* ColorSet.SaveAsOptionsViewController.xib */; };
/* End PBXBuildFile section */

/* Begin PBXContainerItemProxy section */
		0557324923D5ECC700BFB336 /* PBXContainerItemProxy */ = {
			isa = PBXContainerItemProxy;
			containerPortal = 0557324423D5ECC700BFB336 /* ColorSetKit.xcodeproj */;
			proxyType = 2;
			remoteGlobalIDString = 05CD4ABA20ED7CD100DBDE99;
			remoteInfo = ColorSetKit;
		};
		0557324B23D5ECC700BFB336 /* PBXContainerItemProxy */ = {
			isa = PBXContainerItemProxy;
			containerPortal = 0557324423D5ECC700BFB336 /* ColorSetKit.xcodeproj */;
			proxyType = 2;
			remoteGlobalIDString = 057DC44B22B1492200BA6727;
			remoteInfo = "ColorSetKit-Test";
		};
		0557324D23D5ECD300BFB336 /* PBXContainerItemProxy */ = {
			isa = PBXContainerItemProxy;
			containerPortal = 0557324423D5ECC700BFB336 /* ColorSetKit.xcodeproj */;
			proxyType = 1;
			remoteGlobalIDString = 05CD4AB920ED7CD100DBDE99;
			remoteInfo = ColorSetKit;
		};
/* End PBXContainerItemProxy section */

/* Begin PBXCopyFilesBuildPhase section */
		0509121620E55A8A009EF90C /* CopyFiles */ = {
			isa = PBXCopyFilesBuildPhase;
			buildActionMask = 2147483647;
			dstPath = "";
			dstSubfolderSpec = 10;
			files = (
				0557325023D5ECE700BFB336 /* ColorSetKit.framework in CopyFiles */,
			);
			runOnlyForDeploymentPostprocessing = 0;
		};
/* End PBXCopyFilesBuildPhase section */

/* Begin PBXFileReference section */
		0530C41E20E10FEA00F5B259 /* ArrayIsEmpty.swift */ = {isa = PBXFileReference; lastKnownFileType = sourcecode.swift; path = ArrayIsEmpty.swift; sourceTree = "<group>"; };
		0530C42020E1112C00F5B259 /* ArrayIsNotEmpty.swift */ = {isa = PBXFileReference; lastKnownFileType = sourcecode.swift; path = ArrayIsNotEmpty.swift; sourceTree = "<group>"; };
		0530C42220E1213500F5B259 /* NSView.swift */ = {isa = PBXFileReference; lastKnownFileType = sourcecode.swift; path = NSView.swift; sourceTree = "<group>"; };
		0530C42420E1305B00F5B259 /* ColorSet-Bridging-Header.h */ = {isa = PBXFileReference; lastKnownFileType = sourcecode.c.h; path = "ColorSet-Bridging-Header.h"; sourceTree = "<group>"; };
		0530C42520E1305B00F5B259 /* Exception.h */ = {isa = PBXFileReference; lastKnownFileType = sourcecode.c.h; path = Exception.h; sourceTree = "<group>"; };
		0530C42620E1305B00F5B259 /* Exception.m */ = {isa = PBXFileReference; lastKnownFileType = sourcecode.c.objc; path = Exception.m; sourceTree = "<group>"; };
		0543AE6220DC33BC00284E99 /* ColorSet.app */ = {isa = PBXFileReference; explicitFileType = wrapper.application; includeInIndex = 0; path = ColorSet.app; sourceTree = BUILT_PRODUCTS_DIR; };
		0543AE6C20DC33BD00284E99 /* Info.plist */ = {isa = PBXFileReference; lastKnownFileType = text.plist.xml; path = Info.plist; sourceTree = "<group>"; };
		0543AE6D20DC33BD00284E99 /* ColorSet.entitlements */ = {isa = PBXFileReference; lastKnownFileType = text.plist.entitlements; path = ColorSet.entitlements; sourceTree = "<group>"; };
		0543AE7420DC33DF00284E99 /* ApplicationDelegate.swift */ = {isa = PBXFileReference; fileEncoding = 4; lastKnownFileType = sourcecode.swift; path = ApplicationDelegate.swift; sourceTree = "<group>"; };
		0543AE7820DC33DF00284E99 /* Base */ = {isa = PBXFileReference; lastKnownFileType = file.xib; name = Base; path = Base.lproj/MainMenu.xib; sourceTree = "<group>"; };
		0543AE7C20DC345200284E99 /* MainWindowController.swift */ = {isa = PBXFileReference; lastKnownFileType = sourcecode.swift; path = MainWindowController.swift; sourceTree = "<group>"; };
		0543AE7F20DC35CC00284E99 /* Base */ = {isa = PBXFileReference; lastKnownFileType = file.xib; name = Base; path = Base.lproj/ColorSet.MainWindowController.xib; sourceTree = "<group>"; };
		0543AE8120DC382A00284E99 /* ColorItem.swift */ = {isa = PBXFileReference; lastKnownFileType = sourcecode.swift; path = ColorItem.swift; sourceTree = "<group>"; };
		0543AE9D20E0FFD000284E99 /* ColorView.swift */ = {isa = PBXFileReference; lastKnownFileType = sourcecode.swift; path = ColorView.swift; sourceTree = "<group>"; };
		054D8EC3238BE45300574045 /* Release - ccache.xcconfig */ = {isa = PBXFileReference; lastKnownFileType = text.xcconfig; path = "Release - ccache.xcconfig"; sourceTree = "<group>"; };
		054D8EC4238BE45300574045 /* Common.xcconfig */ = {isa = PBXFileReference; lastKnownFileType = text.xcconfig; path = Common.xcconfig; sourceTree = "<group>"; };
		054D8EC5238BE45300574045 /* Debug - ccache.xcconfig */ = {isa = PBXFileReference; lastKnownFileType = text.xcconfig; path = "Debug - ccache.xcconfig"; sourceTree = "<group>"; };
		054D8EC6238BE45300574045 /* Debug.xcconfig */ = {isa = PBXFileReference; lastKnownFileType = text.xcconfig; path = Debug.xcconfig; sourceTree = "<group>"; };
		054D8EC7238BE45300574045 /* Release.xcconfig */ = {isa = PBXFileReference; lastKnownFileType = text.xcconfig; path = Release.xcconfig; sourceTree = "<group>"; };
		054D8EC8238BE45300574045 /* README.md */ = {isa = PBXFileReference; lastKnownFileType = net.daringfireball.markdown; path = README.md; sourceTree = "<group>"; };
		054D8EC9238BE45300574045 /* Release - Library.xcconfig */ = {isa = PBXFileReference; lastKnownFileType = text.xcconfig; path = "Release - Library.xcconfig"; sourceTree = "<group>"; };
		054D8ECB238BE45300574045 /* Signing.xcconfig */ = {isa = PBXFileReference; lastKnownFileType = text.xcconfig; path = Signing.xcconfig; sourceTree = "<group>"; };
		054D8ECC238BE45300574045 /* Architectures.xcconfig */ = {isa = PBXFileReference; lastKnownFileType = text.xcconfig; path = Architectures.xcconfig; sourceTree = "<group>"; };
		054D8ECE238BE45300574045 /* Issues.xcconfig */ = {isa = PBXFileReference; lastKnownFileType = text.xcconfig; path = Issues.xcconfig; sourceTree = "<group>"; };
		054D8ED0238BE45300574045 /* Apple-APIs.xcconfig */ = {isa = PBXFileReference; lastKnownFileType = text.xcconfig; path = "Apple-APIs.xcconfig"; sourceTree = "<group>"; };
		054D8ED1238BE45300574045 /* Generic-Issues.xcconfig */ = {isa = PBXFileReference; lastKnownFileType = text.xcconfig; path = "Generic-Issues.xcconfig"; sourceTree = "<group>"; };
		054D8ED2238BE45300574045 /* Security.xcconfig */ = {isa = PBXFileReference; lastKnownFileType = text.xcconfig; path = Security.xcconfig; sourceTree = "<group>"; };
		054D8ED3238BE45300574045 /* Objective-C.xcconfig */ = {isa = PBXFileReference; lastKnownFileType = text.xcconfig; path = "Objective-C.xcconfig"; sourceTree = "<group>"; };
		054D8ED4238BE45300574045 /* Analysis-Policy.xcconfig */ = {isa = PBXFileReference; lastKnownFileType = text.xcconfig; path = "Analysis-Policy.xcconfig"; sourceTree = "<group>"; };
		054D8ED5238BE45300574045 /* Deployment.xcconfig */ = {isa = PBXFileReference; lastKnownFileType = text.xcconfig; path = Deployment.xcconfig; sourceTree = "<group>"; };
		054D8ED6238BE45300574045 /* Build-Options.xcconfig */ = {isa = PBXFileReference; lastKnownFileType = text.xcconfig; path = "Build-Options.xcconfig"; sourceTree = "<group>"; };
		054D8ED7238BE45300574045 /* Swift-Compiler.xcconfig */ = {isa = PBXFileReference; lastKnownFileType = text.xcconfig; path = "Swift-Compiler.xcconfig"; sourceTree = "<group>"; };
		054D8ED8238BE45300574045 /* Static-Analyzer.xcconfig */ = {isa = PBXFileReference; lastKnownFileType = text.xcconfig; path = "Static-Analyzer.xcconfig"; sourceTree = "<group>"; };
		054D8EDA238BE45300574045 /* Warnings-Policies.xcconfig */ = {isa = PBXFileReference; lastKnownFileType = text.xcconfig; path = "Warnings-Policies.xcconfig"; sourceTree = "<group>"; };
		054D8EDB238BE45300574045 /* Code-Generation.xcconfig */ = {isa = PBXFileReference; lastKnownFileType = text.xcconfig; path = "Code-Generation.xcconfig"; sourceTree = "<group>"; };
		054D8EDC238BE45300574045 /* Language.xcconfig */ = {isa = PBXFileReference; lastKnownFileType = text.xcconfig; path = Language.xcconfig; sourceTree = "<group>"; };
		054D8EDD238BE45300574045 /* General.xcconfig */ = {isa = PBXFileReference; lastKnownFileType = text.xcconfig; path = General.xcconfig; sourceTree = "<group>"; };
		054D8EDE238BE45300574045 /* Search-Paths.xcconfig */ = {isa = PBXFileReference; lastKnownFileType = text.xcconfig; path = "Search-Paths.xcconfig"; sourceTree = "<group>"; };
		054D8EDF238BE45300574045 /* Apple-LLVM.xcconfig */ = {isa = PBXFileReference; lastKnownFileType = text.xcconfig; path = "Apple-LLVM.xcconfig"; sourceTree = "<group>"; };
		054D8EE2238BE45300574045 /* Modules.xcconfig */ = {isa = PBXFileReference; lastKnownFileType = text.xcconfig; path = Modules.xcconfig; sourceTree = "<group>"; };
		054D8EE3238BE45300574045 /* Objective-C.xcconfig */ = {isa = PBXFileReference; lastKnownFileType = text.xcconfig; path = "Objective-C.xcconfig"; sourceTree = "<group>"; };
		054D8EE4238BE45300574045 /* C++.xcconfig */ = {isa = PBXFileReference; lastKnownFileType = text.xcconfig; path = "C++.xcconfig"; sourceTree = "<group>"; };
		054D8EE5238BE45300574045 /* Code-Generation.xcconfig */ = {isa = PBXFileReference; lastKnownFileType = text.xcconfig; path = "Code-Generation.xcconfig"; sourceTree = "<group>"; };
		054D8EE6238BE45300574045 /* Address-Sanitizer.xcconfig */ = {isa = PBXFileReference; lastKnownFileType = text.xcconfig; path = "Address-Sanitizer.xcconfig"; sourceTree = "<group>"; };
		054D8EE7238BE45300574045 /* Language.xcconfig */ = {isa = PBXFileReference; lastKnownFileType = text.xcconfig; path = Language.xcconfig; sourceTree = "<group>"; };
		054D8EE8238BE45300574045 /* Warnings.xcconfig */ = {isa = PBXFileReference; lastKnownFileType = text.xcconfig; path = Warnings.xcconfig; sourceTree = "<group>"; };
		054D8EE9238BE45300574045 /* Undefined-Behavior-Sanitizer.xcconfig */ = {isa = PBXFileReference; lastKnownFileType = text.xcconfig; path = "Undefined-Behavior-Sanitizer.xcconfig"; sourceTree = "<group>"; };
		054D8EEA238BE45300574045 /* Warning-Policies.xcconfig */ = {isa = PBXFileReference; lastKnownFileType = text.xcconfig; path = "Warning-Policies.xcconfig"; sourceTree = "<group>"; };
		054D8EEC238BE45300574045 /* Objective-C-ARC.xcconfig */ = {isa = PBXFileReference; lastKnownFileType = text.xcconfig; path = "Objective-C-ARC.xcconfig"; sourceTree = "<group>"; };
		054D8EED238BE45300574045 /* Objective-C.xcconfig */ = {isa = PBXFileReference; lastKnownFileType = text.xcconfig; path = "Objective-C.xcconfig"; sourceTree = "<group>"; };
		054D8EEE238BE45300574045 /* C++.xcconfig */ = {isa = PBXFileReference; lastKnownFileType = text.xcconfig; path = "C++.xcconfig"; sourceTree = "<group>"; };
		054D8EEF238BE45300574045 /* All-Languages.xcconfig */ = {isa = PBXFileReference; lastKnownFileType = text.xcconfig; path = "All-Languages.xcconfig"; sourceTree = "<group>"; };
		054D8EF0238BE45300574045 /* Preprocessing.xcconfig */ = {isa = PBXFileReference; lastKnownFileType = text.xcconfig; path = Preprocessing.xcconfig; sourceTree = "<group>"; };
		054D8EF1238BE45300574045 /* Debug - Library.xcconfig */ = {isa = PBXFileReference; lastKnownFileType = text.xcconfig; path = "Debug - Library.xcconfig"; sourceTree = "<group>"; };
		054D8EF2238BE45300574045 /* .gitignore */ = {isa = PBXFileReference; lastKnownFileType = text; path = .gitignore; sourceTree = "<group>"; };
		054D8EF4238BE45300574045 /* ccache-config.sh */ = {isa = PBXFileReference; lastKnownFileType = text.script.sh; path = "ccache-config.sh"; sourceTree = "<group>"; };
		054D8EF5238BE45300574045 /* ccache.sh */ = {isa = PBXFileReference; lastKnownFileType = text.script.sh; path = ccache.sh; sourceTree = "<group>"; };
		0556FA66234275CF00EB91DB /* PaletteViewController.swift */ = {isa = PBXFileReference; lastKnownFileType = sourcecode.swift; path = PaletteViewController.swift; sourceTree = "<group>"; };
		0556FA692342761000EB91DB /* Base */ = {isa = PBXFileReference; lastKnownFileType = file.xib; name = Base; path = Base.lproj/ColorSet.PaletteViewController.xib; sourceTree = "<group>"; };
		0556FA6B2342796C00EB91DB /* PaletteColorItem.swift */ = {isa = PBXFileReference; fileEncoding = 4; lastKnownFileType = sourcecode.swift; path = PaletteColorItem.swift; sourceTree = "<group>"; };
		0556FA6C2342796C00EB91DB /* DrawingView.swift */ = {isa = PBXFileReference; fileEncoding = 4; lastKnownFileType = sourcecode.swift; path = DrawingView.swift; sourceTree = "<group>"; };
		0556FA6D2342796C00EB91DB /* PaletteColorInfo.swift */ = {isa = PBXFileReference; fileEncoding = 4; lastKnownFileType = sourcecode.swift; path = PaletteColorInfo.swift; sourceTree = "<group>"; };
		0556FA7223427DE500EB91DB /* Base */ = {isa = PBXFileReference; lastKnownFileType = file.xib; name = Base; path = Base.lproj/PaletteColorItem.xib; sourceTree = "<group>"; };
		0557324423D5ECC700BFB336 /* ColorSetKit.xcodeproj */ = {isa = PBXFileReference; lastKnownFileType = "wrapper.pb-project"; path = ColorSetKit.xcodeproj; sourceTree = "<group>"; };
		0564590120E4DDFD001EA86F /* HexColor.swift */ = {isa = PBXFileReference; lastKnownFileType = sourcecode.swift; path = HexColor.swift; sourceTree = "<group>"; };
		059F8C77233CDB3300C9B83F /* HColorComponent.swift */ = {isa = PBXFileReference; fileEncoding = 4; lastKnownFileType = sourcecode.swift; path = HColorComponent.swift; sourceTree = "<group>"; };
		059F8C78233CDB3300C9B83F /* SLColorComponent.swift */ = {isa = PBXFileReference; fileEncoding = 4; lastKnownFileType = sourcecode.swift; path = SLColorComponent.swift; sourceTree = "<group>"; };
		05A6D890233F80430079AF3B /* LightnessPairWindowController.swift */ = {isa = PBXFileReference; lastKnownFileType = sourcecode.swift; path = LightnessPairWindowController.swift; sourceTree = "<group>"; };
		05A6D894233F805C0079AF3B /* Base */ = {isa = PBXFileReference; lastKnownFileType = file.xib; name = Base; path = Base.lproj/ColorSet.LightnessPairWindowController.xib; sourceTree = "<group>"; };
		05A6D896233F8A300079AF3B /* LightnessString.swift */ = {isa = PBXFileReference; lastKnownFileType = sourcecode.swift; path = LightnessString.swift; sourceTree = "<group>"; };
		05A6D898233F8E6C0079AF3B /* LightnessPairItem.swift */ = {isa = PBXFileReference; lastKnownFileType = sourcecode.swift; path = LightnessPairItem.swift; sourceTree = "<group>"; };
		05A6D8C12340EA740079AF3B /* LightnessPairCollectionViewItem.swift */ = {isa = PBXFileReference; lastKnownFileType = sourcecode.swift; path = LightnessPairCollectionViewItem.swift; sourceTree = "<group>"; };
		05A6D8C42340EA880079AF3B /* Base */ = {isa = PBXFileReference; lastKnownFileType = file.xib; name = Base; path = Base.lproj/ColorSet.LightnessPairCollectionViewItem.xib; sourceTree = "<group>"; };
		05CD4AB220ED7B2200DBDE99 /* README.md */ = {isa = PBXFileReference; fileEncoding = 4; lastKnownFileType = net.daringfireball.markdown; path = README.md; sourceTree = "<group>"; };
		05D11EC020E1359C00A621B5 /* RGBColorComponent.swift */ = {isa = PBXFileReference; lastKnownFileType = sourcecode.swift; path = RGBColorComponent.swift; sourceTree = "<group>"; };
		05D11EC620E13B9400A621B5 /* Icon.icns */ = {isa = PBXFileReference; lastKnownFileType = image.icns; path = Icon.icns; sourceTree = "<group>"; };
		05D11EC920E13DFF00A621B5 /* Base */ = {isa = PBXFileReference; lastKnownFileType = file.xib; name = Base; path = Base.lproj/ColorSet.AboutWindowController.xib; sourceTree = "<group>"; };
		05D11ECB20E13E0800A621B5 /* AboutWindowController.swift */ = {isa = PBXFileReference; fileEncoding = 4; lastKnownFileType = sourcecode.swift; path = AboutWindowController.swift; sourceTree = "<group>"; };
		05D11ECD20E165FB00A621B5 /* File.icns */ = {isa = PBXFileReference; lastKnownFileType = image.icns; path = File.icns; sourceTree = "<group>"; };
		05DB415623847CE80026C565 /* SaveAsOptionsViewController.swift */ = {isa = PBXFileReference; lastKnownFileType = sourcecode.swift; path = SaveAsOptionsViewController.swift; sourceTree = "<group>"; };
		05DB415923847CF80026C565 /* Base */ = {isa = PBXFileReference; lastKnownFileType = file.xib; name = Base; path = Base.lproj/ColorSet.SaveAsOptionsViewController.xib; sourceTree = "<group>"; };
/* End PBXFileReference section */

/* Begin PBXFrameworksBuildPhase section */
		0543AE5F20DC33BC00284E99 /* Frameworks */ = {
			isa = PBXFrameworksBuildPhase;
			buildActionMask = 2147483647;
			files = (
				0557324F23D5ECD900BFB336 /* ColorSetKit.framework in Frameworks */,
			);
			runOnlyForDeploymentPostprocessing = 0;
		};
/* End PBXFrameworksBuildPhase section */

/* Begin PBXGroup section */
		0509121420E55A7F009EF90C /* Frameworks */ = {
			isa = PBXGroup;
			children = (
			);
			name = Frameworks;
			sourceTree = "<group>";
		};
		0543AE5920DC33BC00284E99 = {
			isa = PBXGroup;
			children = (
				05CD4AB220ED7B2200DBDE99 /* README.md */,
				0557324423D5ECC700BFB336 /* ColorSetKit.xcodeproj */,
				054D8EC2238BE45300574045 /* xcconfig */,
				0543AE6420DC33BC00284E99 /* ColorSet */,
				0543AE6320DC33BC00284E99 /* Products */,
				0509121420E55A7F009EF90C /* Frameworks */,
			);
			sourceTree = "<group>";
		};
		0543AE6320DC33BC00284E99 /* Products */ = {
			isa = PBXGroup;
			children = (
				0543AE6220DC33BC00284E99 /* ColorSet.app */,
			);
			name = Products;
			sourceTree = "<group>";
		};
		0543AE6420DC33BC00284E99 /* ColorSet */ = {
			isa = PBXGroup;
			children = (
				0543AE7320DC33DF00284E99 /* Classes */,
				0543AE7520DC33DF00284E99 /* Interface */,
				0543AE6C20DC33BD00284E99 /* Info.plist */,
				0543AE6D20DC33BD00284E99 /* ColorSet.entitlements */,
			);
			path = ColorSet;
			sourceTree = "<group>";
		};
		0543AE7320DC33DF00284E99 /* Classes */ = {
			isa = PBXGroup;
			children = (
				05D11ECB20E13E0800A621B5 /* AboutWindowController.swift */,
				0543AE7420DC33DF00284E99 /* ApplicationDelegate.swift */,
				0530C41E20E10FEA00F5B259 /* ArrayIsEmpty.swift */,
				0530C42020E1112C00F5B259 /* ArrayIsNotEmpty.swift */,
				0543AE8120DC382A00284E99 /* ColorItem.swift */,
				0530C42420E1305B00F5B259 /* ColorSet-Bridging-Header.h */,
				0543AE9D20E0FFD000284E99 /* ColorView.swift */,
				0556FA6C2342796C00EB91DB /* DrawingView.swift */,
				0530C42520E1305B00F5B259 /* Exception.h */,
				0530C42620E1305B00F5B259 /* Exception.m */,
				059F8C77233CDB3300C9B83F /* HColorComponent.swift */,
				0564590120E4DDFD001EA86F /* HexColor.swift */,
				05A6D8C12340EA740079AF3B /* LightnessPairCollectionViewItem.swift */,
				05A6D898233F8E6C0079AF3B /* LightnessPairItem.swift */,
				05A6D890233F80430079AF3B /* LightnessPairWindowController.swift */,
				05A6D896233F8A300079AF3B /* LightnessString.swift */,
				0543AE7C20DC345200284E99 /* MainWindowController.swift */,
				0530C42220E1213500F5B259 /* NSView.swift */,
				0556FA6D2342796C00EB91DB /* PaletteColorInfo.swift */,
				0556FA6B2342796C00EB91DB /* PaletteColorItem.swift */,
				0556FA66234275CF00EB91DB /* PaletteViewController.swift */,
				05D11EC020E1359C00A621B5 /* RGBColorComponent.swift */,
				05DB415623847CE80026C565 /* SaveAsOptionsViewController.swift */,
				059F8C78233CDB3300C9B83F /* SLColorComponent.swift */,
			);
			path = Classes;
			sourceTree = "<group>";
		};
		0543AE7520DC33DF00284E99 /* Interface */ = {
			isa = PBXGroup;
			children = (
				05D11EC820E13DFF00A621B5 /* ColorSet.AboutWindowController.xib */,
				05A6D8C32340EA880079AF3B /* ColorSet.LightnessPairCollectionViewItem.xib */,
				05A6D893233F805C0079AF3B /* ColorSet.LightnessPairWindowController.xib */,
				0543AE7E20DC35CC00284E99 /* ColorSet.MainWindowController.xib */,
				0556FA682342761000EB91DB /* ColorSet.PaletteViewController.xib */,
				05DB415823847CF80026C565 /* ColorSet.SaveAsOptionsViewController.xib */,
				05D11ECD20E165FB00A621B5 /* File.icns */,
				05D11EC620E13B9400A621B5 /* Icon.icns */,
				0543AE7720DC33DF00284E99 /* MainMenu.xib */,
				0556FA7123427DE500EB91DB /* PaletteColorItem.xib */,
			);
			path = Interface;
			sourceTree = "<group>";
		};
		054D8EC2238BE45300574045 /* xcconfig */ = {
			isa = PBXGroup;
			children = (
				054D8EC3238BE45300574045 /* Release - ccache.xcconfig */,
				054D8EC4238BE45300574045 /* Common.xcconfig */,
				054D8EC5238BE45300574045 /* Debug - ccache.xcconfig */,
				054D8EC6238BE45300574045 /* Debug.xcconfig */,
				054D8EC7238BE45300574045 /* Release.xcconfig */,
				054D8EC8238BE45300574045 /* README.md */,
				054D8EC9238BE45300574045 /* Release - Library.xcconfig */,
				054D8ECA238BE45300574045 /* Common */,
				054D8EF1238BE45300574045 /* Debug - Library.xcconfig */,
				054D8EF2238BE45300574045 /* .gitignore */,
				054D8EF3238BE45300574045 /* Scripts */,
			);
			name = xcconfig;
			path = Submodules/xcconfig;
			sourceTree = "<group>";
		};
		054D8ECA238BE45300574045 /* Common */ = {
			isa = PBXGroup;
			children = (
				054D8ECB238BE45300574045 /* Signing.xcconfig */,
				054D8ECC238BE45300574045 /* Architectures.xcconfig */,
				054D8ECD238BE45300574045 /* Static-Analyzer */,
				054D8ED5238BE45300574045 /* Deployment.xcconfig */,
				054D8ED6238BE45300574045 /* Build-Options.xcconfig */,
				054D8ED7238BE45300574045 /* Swift-Compiler.xcconfig */,
				054D8ED8238BE45300574045 /* Static-Analyzer.xcconfig */,
				054D8ED9238BE45300574045 /* Swift-Compiler */,
				054D8EDE238BE45300574045 /* Search-Paths.xcconfig */,
				054D8EDF238BE45300574045 /* Apple-LLVM.xcconfig */,
				054D8EE0238BE45300574045 /* Apple-LLVM */,
			);
			path = Common;
			sourceTree = "<group>";
		};
		054D8ECD238BE45300574045 /* Static-Analyzer */ = {
			isa = PBXGroup;
			children = (
				054D8ECE238BE45300574045 /* Issues.xcconfig */,
				054D8ECF238BE45300574045 /* Issues */,
			);
			path = "Static-Analyzer";
			sourceTree = "<group>";
		};
		054D8ECF238BE45300574045 /* Issues */ = {
			isa = PBXGroup;
			children = (
				054D8ED0238BE45300574045 /* Apple-APIs.xcconfig */,
				054D8ED1238BE45300574045 /* Generic-Issues.xcconfig */,
				054D8ED2238BE45300574045 /* Security.xcconfig */,
				054D8ED3238BE45300574045 /* Objective-C.xcconfig */,
				054D8ED4238BE45300574045 /* Analysis-Policy.xcconfig */,
			);
			path = Issues;
			sourceTree = "<group>";
		};
		054D8ED9238BE45300574045 /* Swift-Compiler */ = {
			isa = PBXGroup;
			children = (
				054D8EDA238BE45300574045 /* Warnings-Policies.xcconfig */,
				054D8EDB238BE45300574045 /* Code-Generation.xcconfig */,
				054D8EDC238BE45300574045 /* Language.xcconfig */,
				054D8EDD238BE45300574045 /* General.xcconfig */,
			);
			path = "Swift-Compiler";
			sourceTree = "<group>";
		};
		054D8EE0238BE45300574045 /* Apple-LLVM */ = {
			isa = PBXGroup;
			children = (
				054D8EE1238BE45300574045 /* Language */,
				054D8EE5238BE45300574045 /* Code-Generation.xcconfig */,
				054D8EE6238BE45300574045 /* Address-Sanitizer.xcconfig */,
				054D8EE7238BE45300574045 /* Language.xcconfig */,
				054D8EE8238BE45300574045 /* Warnings.xcconfig */,
				054D8EE9238BE45300574045 /* Undefined-Behavior-Sanitizer.xcconfig */,
				054D8EEA238BE45300574045 /* Warning-Policies.xcconfig */,
				054D8EEB238BE45300574045 /* Warnings */,
				054D8EF0238BE45300574045 /* Preprocessing.xcconfig */,
			);
			path = "Apple-LLVM";
			sourceTree = "<group>";
		};
		054D8EE1238BE45300574045 /* Language */ = {
			isa = PBXGroup;
			children = (
				054D8EE2238BE45300574045 /* Modules.xcconfig */,
				054D8EE3238BE45300574045 /* Objective-C.xcconfig */,
				054D8EE4238BE45300574045 /* C++.xcconfig */,
			);
			path = Language;
			sourceTree = "<group>";
		};
		054D8EEB238BE45300574045 /* Warnings */ = {
			isa = PBXGroup;
			children = (
				054D8EEC238BE45300574045 /* Objective-C-ARC.xcconfig */,
				054D8EED238BE45300574045 /* Objective-C.xcconfig */,
				054D8EEE238BE45300574045 /* C++.xcconfig */,
				054D8EEF238BE45300574045 /* All-Languages.xcconfig */,
			);
			path = Warnings;
			sourceTree = "<group>";
		};
		054D8EF3238BE45300574045 /* Scripts */ = {
			isa = PBXGroup;
			children = (
				054D8EF4238BE45300574045 /* ccache-config.sh */,
				054D8EF5238BE45300574045 /* ccache.sh */,
			);
			path = Scripts;
			sourceTree = "<group>";
		};
		0557324523D5ECC700BFB336 /* Products */ = {
			isa = PBXGroup;
			children = (
				0557324A23D5ECC700BFB336 /* ColorSetKit.framework */,
				0557324C23D5ECC700BFB336 /* ColorSetKit-Test.xctest */,
			);
			name = Products;
			sourceTree = "<group>";
		};
/* End PBXGroup section */

/* Begin PBXLegacyTarget section */
		0556FA752343510900EB91DB /* Documentation */ = {
			isa = PBXLegacyTarget;
			buildArgumentsString = "";
			buildConfigurationList = 0556FA782343510900EB91DB /* Build configuration list for PBXLegacyTarget "Documentation" */;
			buildPhases = (
			);
			buildToolPath = /usr/bin/make;
			buildWorkingDirectory = Documentation;
			dependencies = (
			);
			name = Documentation;
			passBuildSettingsInEnvironment = 1;
			productName = "ColorSetKit-Documentation";
		};
/* End PBXLegacyTarget section */

/* Begin PBXNativeTarget section */
		0543AE6120DC33BC00284E99 /* ColorSet */ = {
			isa = PBXNativeTarget;
			buildConfigurationList = 0543AE7020DC33BD00284E99 /* Build configuration list for PBXNativeTarget "ColorSet" */;
			buildPhases = (
				0543AE5E20DC33BC00284E99 /* Sources */,
				0543AE5F20DC33BC00284E99 /* Frameworks */,
				0509122120E55AE4009EF90C /* ShellScript */,
				0543AE6020DC33BC00284E99 /* Resources */,
				0509121620E55A8A009EF90C /* CopyFiles */,
			);
			buildRules = (
			);
			dependencies = (
				0557324E23D5ECD300BFB336 /* PBXTargetDependency */,
			);
			name = ColorSet;
			productName = ColorSet;
			productReference = 0543AE6220DC33BC00284E99 /* ColorSet.app */;
			productType = "com.apple.product-type.application";
		};
/* End PBXNativeTarget section */

/* Begin PBXProject section */
		0543AE5A20DC33BC00284E99 /* Project object */ = {
			isa = PBXProject;
			attributes = {
				LastSwiftUpdateCheck = 1020;
				LastUpgradeCheck = 0940;
				ORGANIZATIONNAME = "XS-Labs";
				TargetAttributes = {
					0543AE6120DC33BC00284E99 = {
						CreatedOnToolsVersion = 9.4.1;
						LastSwiftMigration = 1000;
						SystemCapabilities = {
							com.apple.HardenedRuntime = {
								enabled = 1;
							};
							com.apple.Sandbox = {
								enabled = 1;
							};
						};
					};
					0556FA752343510900EB91DB = {
						CreatedOnToolsVersion = 11.0;
					};
				};
			};
			buildConfigurationList = 0543AE5D20DC33BC00284E99 /* Build configuration list for PBXProject "ColorSet" */;
			compatibilityVersion = "Xcode 9.3";
			developmentRegion = en;
			hasScannedForEncodings = 0;
			knownRegions = (
				en,
				Base,
			);
			mainGroup = 0543AE5920DC33BC00284E99;
			productRefGroup = 0543AE6320DC33BC00284E99 /* Products */;
			projectDirPath = "";
			projectReferences = (
				{
					ProductGroup = 0557324523D5ECC700BFB336 /* Products */;
					ProjectRef = 0557324423D5ECC700BFB336 /* ColorSetKit.xcodeproj */;
				},
			);
			projectRoot = "";
			targets = (
				0543AE6120DC33BC00284E99 /* ColorSet */,
				0556FA752343510900EB91DB /* Documentation */,
			);
		};
/* End PBXProject section */

/* Begin PBXReferenceProxy section */
		0557324A23D5ECC700BFB336 /* ColorSetKit.framework */ = {
			isa = PBXReferenceProxy;
			fileType = wrapper.framework;
			path = ColorSetKit.framework;
			remoteRef = 0557324923D5ECC700BFB336 /* PBXContainerItemProxy */;
			sourceTree = BUILT_PRODUCTS_DIR;
		};
		0557324C23D5ECC700BFB336 /* ColorSetKit-Test.xctest */ = {
			isa = PBXReferenceProxy;
			fileType = wrapper.cfbundle;
			path = "ColorSetKit-Test.xctest";
			remoteRef = 0557324B23D5ECC700BFB336 /* PBXContainerItemProxy */;
			sourceTree = BUILT_PRODUCTS_DIR;
		};
/* End PBXReferenceProxy section */

/* Begin PBXResourcesBuildPhase section */
		0543AE6020DC33BC00284E99 /* Resources */ = {
			isa = PBXResourcesBuildPhase;
			buildActionMask = 2147483647;
			files = (
				05A6D8C52340EA880079AF3B /* ColorSet.LightnessPairCollectionViewItem.xib in Resources */,
				05D11EC720E13B9400A621B5 /* Icon.icns in Resources */,
				0556FA6A2342761000EB91DB /* ColorSet.PaletteViewController.xib in Resources */,
				0543AE8020DC35CC00284E99 /* ColorSet.MainWindowController.xib in Resources */,
				05DB415A23847CF80026C565 /* ColorSet.SaveAsOptionsViewController.xib in Resources */,
				0556FA7323427DE500EB91DB /* PaletteColorItem.xib in Resources */,
				05D11ECE20E165FB00A621B5 /* File.icns in Resources */,
				0543AE7B20DC33DF00284E99 /* MainMenu.xib in Resources */,
				05D11ECA20E13DFF00A621B5 /* ColorSet.AboutWindowController.xib in Resources */,
				05A6D895233F805C0079AF3B /* ColorSet.LightnessPairWindowController.xib in Resources */,
			);
			runOnlyForDeploymentPostprocessing = 0;
		};
/* End PBXResourcesBuildPhase section */

/* Begin PBXShellScriptBuildPhase section */
		0509122120E55AE4009EF90C /* ShellScript */ = {
			isa = PBXShellScriptBuildPhase;
			buildActionMask = 2147483647;
			files = (
			);
			inputPaths = (
			);
			outputPaths = (
			);
			runOnlyForDeploymentPostprocessing = 0;
			shellPath = /bin/sh;
			shellScript = "#!/bin/bash\nif [ \"${CONFIGURATION}\" = \"Release\" ]; then\n    plist=\"ColorSet/Info.plist\"\n    rev=$(git rev-list `git branch | grep -e \"^*\" | cut -d' ' -f 2` | wc -l)\n    /usr/libexec/PlistBuddy -c \"Set :CFBundleVersion $rev\" \"$plist\"\nfi\n";
		};
/* End PBXShellScriptBuildPhase section */

/* Begin PBXSourcesBuildPhase section */
		0543AE5E20DC33BC00284E99 /* Sources */ = {
			isa = PBXSourcesBuildPhase;
			buildActionMask = 2147483647;
			files = (
				0556FA702342796C00EB91DB /* PaletteColorInfo.swift in Sources */,
				059F8C7A233CDB3300C9B83F /* SLColorComponent.swift in Sources */,
				05A6D891233F80430079AF3B /* LightnessPairWindowController.swift in Sources */,
				0530C42320E1213500F5B259 /* NSView.swift in Sources */,
				05D11ECC20E13E0900A621B5 /* AboutWindowController.swift in Sources */,
				0564590220E4DDFD001EA86F /* HexColor.swift in Sources */,
				0543AE9E20E0FFD000284E99 /* ColorView.swift in Sources */,
				0543AE8220DC382A00284E99 /* ColorItem.swift in Sources */,
				0556FA6F2342796C00EB91DB /* DrawingView.swift in Sources */,
				0556FA6E2342796C00EB91DB /* PaletteColorItem.swift in Sources */,
				05DB415723847CE80026C565 /* SaveAsOptionsViewController.swift in Sources */,
				05A6D897233F8A300079AF3B /* LightnessString.swift in Sources */,
				05A6D8C22340EA740079AF3B /* LightnessPairCollectionViewItem.swift in Sources */,
				0530C41F20E10FEA00F5B259 /* ArrayIsEmpty.swift in Sources */,
				0556FA67234275CF00EB91DB /* PaletteViewController.swift in Sources */,
				059F8C79233CDB3300C9B83F /* HColorComponent.swift in Sources */,
				0530C42120E1112C00F5B259 /* ArrayIsNotEmpty.swift in Sources */,
				05D11EC120E1359C00A621B5 /* RGBColorComponent.swift in Sources */,
				0530C42720E1305B00F5B259 /* Exception.m in Sources */,
				0543AE7D20DC345200284E99 /* MainWindowController.swift in Sources */,
				05A6D899233F8E6C0079AF3B /* LightnessPairItem.swift in Sources */,
				0543AE7920DC33DF00284E99 /* ApplicationDelegate.swift in Sources */,
			);
			runOnlyForDeploymentPostprocessing = 0;
		};
/* End PBXSourcesBuildPhase section */

/* Begin PBXTargetDependency section */
		0557324E23D5ECD300BFB336 /* PBXTargetDependency */ = {
			isa = PBXTargetDependency;
			name = ColorSetKit;
			targetProxy = 0557324D23D5ECD300BFB336 /* PBXContainerItemProxy */;
		};
/* End PBXTargetDependency section */

/* Begin PBXVariantGroup section */
		0543AE7720DC33DF00284E99 /* MainMenu.xib */ = {
			isa = PBXVariantGroup;
			children = (
				0543AE7820DC33DF00284E99 /* Base */,
			);
			name = MainMenu.xib;
			sourceTree = "<group>";
		};
		0543AE7E20DC35CC00284E99 /* ColorSet.MainWindowController.xib */ = {
			isa = PBXVariantGroup;
			children = (
				0543AE7F20DC35CC00284E99 /* Base */,
			);
			name = ColorSet.MainWindowController.xib;
			sourceTree = "<group>";
		};
		0556FA682342761000EB91DB /* ColorSet.PaletteViewController.xib */ = {
			isa = PBXVariantGroup;
			children = (
				0556FA692342761000EB91DB /* Base */,
			);
			name = ColorSet.PaletteViewController.xib;
			sourceTree = "<group>";
		};
		0556FA7123427DE500EB91DB /* PaletteColorItem.xib */ = {
			isa = PBXVariantGroup;
			children = (
				0556FA7223427DE500EB91DB /* Base */,
			);
			name = PaletteColorItem.xib;
			sourceTree = "<group>";
		};
		05A6D893233F805C0079AF3B /* ColorSet.LightnessPairWindowController.xib */ = {
			isa = PBXVariantGroup;
			children = (
				05A6D894233F805C0079AF3B /* Base */,
			);
			name = ColorSet.LightnessPairWindowController.xib;
			sourceTree = "<group>";
		};
		05A6D8C32340EA880079AF3B /* ColorSet.LightnessPairCollectionViewItem.xib */ = {
			isa = PBXVariantGroup;
			children = (
				05A6D8C42340EA880079AF3B /* Base */,
			);
			name = ColorSet.LightnessPairCollectionViewItem.xib;
			sourceTree = "<group>";
		};
		05D11EC820E13DFF00A621B5 /* ColorSet.AboutWindowController.xib */ = {
			isa = PBXVariantGroup;
			children = (
				05D11EC920E13DFF00A621B5 /* Base */,
			);
			name = ColorSet.AboutWindowController.xib;
			sourceTree = "<group>";
		};
		05DB415823847CF80026C565 /* ColorSet.SaveAsOptionsViewController.xib */ = {
			isa = PBXVariantGroup;
			children = (
				05DB415923847CF80026C565 /* Base */,
			);
			name = ColorSet.SaveAsOptionsViewController.xib;
			sourceTree = "<group>";
		};
/* End PBXVariantGroup section */

/* Begin XCBuildConfiguration section */
		0543AE6E20DC33BD00284E99 /* Debug */ = {
			isa = XCBuildConfiguration;
			baseConfigurationReference = 054D8EC6238BE45300574045 /* Debug.xcconfig */;
			buildSettings = {
				DEVELOPMENT_TEAM = J5PR93692Y;
				MACOSX_DEPLOYMENT_TARGET = 10.13;
			};
			name = Debug;
		};
		0543AE6F20DC33BD00284E99 /* Release */ = {
			isa = XCBuildConfiguration;
			baseConfigurationReference = 054D8EC7238BE45300574045 /* Release.xcconfig */;
			buildSettings = {
				DEVELOPMENT_TEAM = J5PR93692Y;
				MACOSX_DEPLOYMENT_TARGET = 10.13;
			};
			name = Release;
		};
		0543AE7120DC33BD00284E99 /* Debug */ = {
			isa = XCBuildConfiguration;
			buildSettings = {
				CODE_SIGN_ENTITLEMENTS = ColorSet/ColorSet.entitlements;
				CODE_SIGN_IDENTITY = "Mac Developer";
				ENABLE_HARDENED_RUNTIME = YES;
				INFOPLIST_FILE = ColorSet/Info.plist;
				LD_RUNPATH_SEARCH_PATHS = (
					"$(inherited)",
					"@executable_path/../Frameworks",
				);
				MARKETING_VERSION = 1.3.1;
				PRODUCT_BUNDLE_IDENTIFIER = com.DigiDNA.ColorSet;
				PRODUCT_NAME = "$(TARGET_NAME)";
				SWIFT_OBJC_BRIDGING_HEADER = "ColorSet/Classes/ColorSet-Bridging-Header.h";
			};
			name = Debug;
		};
		0543AE7220DC33BD00284E99 /* Release */ = {
			isa = XCBuildConfiguration;
			buildSettings = {
				CODE_SIGN_ENTITLEMENTS = ColorSet/ColorSet.entitlements;
				CODE_SIGN_IDENTITY = "Mac Developer";
				ENABLE_HARDENED_RUNTIME = YES;
				INFOPLIST_FILE = ColorSet/Info.plist;
				LD_RUNPATH_SEARCH_PATHS = (
					"$(inherited)",
					"@executable_path/../Frameworks",
				);
				MARKETING_VERSION = 1.3.1;
				PRODUCT_BUNDLE_IDENTIFIER = com.DigiDNA.ColorSet;
				PRODUCT_NAME = "$(TARGET_NAME)";
				SWIFT_OBJC_BRIDGING_HEADER = "ColorSet/Classes/ColorSet-Bridging-Header.h";
			};
			name = Release;
		};
		0556FA762343510900EB91DB /* Debug */ = {
			isa = XCBuildConfiguration;
			buildSettings = {
			};
			name = Debug;
		};
		0556FA772343510900EB91DB /* Release */ = {
			isa = XCBuildConfiguration;
			buildSettings = {
			};
			name = Release;
		};
/* End XCBuildConfiguration section */

/* Begin XCConfigurationList section */
		0543AE5D20DC33BC00284E99 /* Build configuration list for PBXProject "ColorSet" */ = {
			isa = XCConfigurationList;
			buildConfigurations = (
				0543AE6E20DC33BD00284E99 /* Debug */,
				0543AE6F20DC33BD00284E99 /* Release */,
			);
			defaultConfigurationIsVisible = 0;
			defaultConfigurationName = Release;
		};
		0543AE7020DC33BD00284E99 /* Build configuration list for PBXNativeTarget "ColorSet" */ = {
			isa = XCConfigurationList;
			buildConfigurations = (
				0543AE7120DC33BD00284E99 /* Debug */,
				0543AE7220DC33BD00284E99 /* Release */,
			);
			defaultConfigurationIsVisible = 0;
			defaultConfigurationName = Release;
		};
		0556FA782343510900EB91DB /* Build configuration list for PBXLegacyTarget "Documentation" */ = {
			isa = XCConfigurationList;
			buildConfigurations = (
				0556FA762343510900EB91DB /* Debug */,
				0556FA772343510900EB91DB /* Release */,
			);
			defaultConfigurationIsVisible = 0;
			defaultConfigurationName = Release;
		};
/* End XCConfigurationList section */
	};
	rootObject = 0543AE5A20DC33BC00284E99 /* Project object */;
}
